// !$*UTF8*$!
{
	archiveVersion = 1;
	classes = {
	};
	objectVersion = 46;
	objects = {

/* Begin PBXBuildFile section */
		06339BCD153584FD00FB07ED /* Foundation.framework in Frameworks */ = {isa = PBXBuildFile; fileRef = 06339BCC153584FD00FB07ED /* Foundation.framework */; };
		06339BDB153584FD00FB07ED /* SenTestingKit.framework in Frameworks */ = {isa = PBXBuildFile; fileRef = 06339BDA153584FD00FB07ED /* SenTestingKit.framework */; };
		06339BDD153584FE00FB07ED /* UIKit.framework in Frameworks */ = {isa = PBXBuildFile; fileRef = 06339BDC153584FE00FB07ED /* UIKit.framework */; };
		06339BDE153584FE00FB07ED /* Foundation.framework in Frameworks */ = {isa = PBXBuildFile; fileRef = 06339BCC153584FD00FB07ED /* Foundation.framework */; };
		06339BE1153584FE00FB07ED /* libMUKScrolling.a in Frameworks */ = {isa = PBXBuildFile; fileRef = 06339BC9153584FD00FB07ED /* libMUKScrolling.a */; };
		06339BF71535855F00FB07ED /* MUKScrolling.h in Headers */ = {isa = PBXBuildFile; fileRef = 06339BD1153584FD00FB07ED /* MUKScrolling.h */; settings = {ATTRIBUTES = (Public, ); }; };
		06339C06153585E000FB07ED /* MUKScrollingTests.m in Sources */ = {isa = PBXBuildFile; fileRef = 06339C03153585E000FB07ED /* MUKScrollingTests.m */; };
		06339C071535867400FB07ED /* InfoPlist.strings in Resources */ = {isa = PBXBuildFile; fileRef = 06339BFF153585E000FB07ED /* InfoPlist.strings */; };
		06339C0C153587D600FB07ED /* MUKRecyclingScrollView.h in Headers */ = {isa = PBXBuildFile; fileRef = 06339C0A153587D600FB07ED /* MUKRecyclingScrollView.h */; settings = {ATTRIBUTES = (Public, ); }; };
		06339C0D153587D600FB07ED /* MUKRecyclingScrollView.m in Sources */ = {isa = PBXBuildFile; fileRef = 06339C0B153587D600FB07ED /* MUKRecyclingScrollView.m */; };
		06339C0F153587E400FB07ED /* UIKit.framework in Frameworks */ = {isa = PBXBuildFile; fileRef = 06339C0E153587E400FB07ED /* UIKit.framework */; };
/* End PBXBuildFile section */

/* Begin PBXContainerItemProxy section */
		06339BDF153584FE00FB07ED /* PBXContainerItemProxy */ = {
			isa = PBXContainerItemProxy;
			containerPortal = 06339BC0153584FD00FB07ED /* Project object */;
			proxyType = 1;
			remoteGlobalIDString = 06339BC8153584FD00FB07ED;
			remoteInfo = MUKScrolling;
		};
/* End PBXContainerItemProxy section */

/* Begin PBXFileReference section */
		06339BC9153584FD00FB07ED /* libMUKScrolling.a */ = {isa = PBXFileReference; explicitFileType = archive.ar; includeInIndex = 0; path = libMUKScrolling.a; sourceTree = BUILT_PRODUCTS_DIR; };
		06339BCC153584FD00FB07ED /* Foundation.framework */ = {isa = PBXFileReference; lastKnownFileType = wrapper.framework; name = Foundation.framework; path = System/Library/Frameworks/Foundation.framework; sourceTree = SDKROOT; };
		06339BD0153584FD00FB07ED /* MUKScrolling-Prefix.pch */ = {isa = PBXFileReference; lastKnownFileType = sourcecode.c.h; name = "MUKScrolling-Prefix.pch"; path = "MUKScrolling/MUKScrolling-Prefix.pch"; sourceTree = "<group>"; };
		06339BD1153584FD00FB07ED /* MUKScrolling.h */ = {isa = PBXFileReference; lastKnownFileType = sourcecode.c.h; name = MUKScrolling.h; path = MUKScrolling/MUKScrolling.h; sourceTree = "<group>"; };
		06339BD9153584FD00FB07ED /* MUKScrollingTests.octest */ = {isa = PBXFileReference; explicitFileType = wrapper.cfbundle; includeInIndex = 0; path = MUKScrollingTests.octest; sourceTree = BUILT_PRODUCTS_DIR; };
		06339BDA153584FD00FB07ED /* SenTestingKit.framework */ = {isa = PBXFileReference; lastKnownFileType = wrapper.framework; name = SenTestingKit.framework; path = Library/Frameworks/SenTestingKit.framework; sourceTree = DEVELOPER_DIR; };
		06339BDC153584FE00FB07ED /* UIKit.framework */ = {isa = PBXFileReference; lastKnownFileType = wrapper.framework; name = UIKit.framework; path = Library/Frameworks/UIKit.framework; sourceTree = DEVELOPER_DIR; };
		06339BFC153585B900FB07ED /* LICENSE */ = {isa = PBXFileReference; lastKnownFileType = text; path = LICENSE; sourceTree = "<group>"; };
		06339C00153585E000FB07ED /* en */ = {isa = PBXFileReference; lastKnownFileType = text.plist.strings; name = en; path = en.lproj/InfoPlist.strings; sourceTree = "<group>"; };
		06339C01153585E000FB07ED /* MUKScrollingTests-Info.plist */ = {isa = PBXFileReference; fileEncoding = 4; lastKnownFileType = text.plist.xml; path = "MUKScrollingTests-Info.plist"; sourceTree = "<group>"; };
		06339C02153585E000FB07ED /* MUKScrollingTests.h */ = {isa = PBXFileReference; fileEncoding = 4; lastKnownFileType = sourcecode.c.h; path = MUKScrollingTests.h; sourceTree = "<group>"; };
		06339C03153585E000FB07ED /* MUKScrollingTests.m */ = {isa = PBXFileReference; fileEncoding = 4; lastKnownFileType = sourcecode.c.objc; path = MUKScrollingTests.m; sourceTree = "<group>"; };
		06339C0A153587D600FB07ED /* MUKRecyclingScrollView.h */ = {isa = PBXFileReference; fileEncoding = 4; lastKnownFileType = sourcecode.c.h; path = MUKRecyclingScrollView.h; sourceTree = "<group>"; };
		06339C0B153587D600FB07ED /* MUKRecyclingScrollView.m */ = {isa = PBXFileReference; fileEncoding = 4; lastKnownFileType = sourcecode.c.objc; path = MUKRecyclingScrollView.m; sourceTree = "<group>"; };
		06339C0E153587E400FB07ED /* UIKit.framework */ = {isa = PBXFileReference; lastKnownFileType = wrapper.framework; name = UIKit.framework; path = System/Library/Frameworks/UIKit.framework; sourceTree = SDKROOT; };
/* End PBXFileReference section */

/* Begin PBXFrameworksBuildPhase section */
		06339BC6153584FD00FB07ED /* Frameworks */ = {
			isa = PBXFrameworksBuildPhase;
			buildActionMask = 2147483647;
			files = (
				06339C0F153587E400FB07ED /* UIKit.framework in Frameworks */,
				06339BCD153584FD00FB07ED /* Foundation.framework in Frameworks */,
			);
			runOnlyForDeploymentPostprocessing = 0;
		};
		06339BD5153584FD00FB07ED /* Frameworks */ = {
			isa = PBXFrameworksBuildPhase;
			buildActionMask = 2147483647;
			files = (
				06339BDB153584FD00FB07ED /* SenTestingKit.framework in Frameworks */,
				06339BDD153584FE00FB07ED /* UIKit.framework in Frameworks */,
				06339BDE153584FE00FB07ED /* Foundation.framework in Frameworks */,
				06339BE1153584FE00FB07ED /* libMUKScrolling.a in Frameworks */,
			);
			runOnlyForDeploymentPostprocessing = 0;
		};
/* End PBXFrameworksBuildPhase section */

/* Begin PBXGroup section */
		06339BBE153584FD00FB07ED = {
			isa = PBXGroup;
			children = (
				06339BFC153585B900FB07ED /* LICENSE */,
				06339BD1153584FD00FB07ED /* MUKScrolling.h */,
				06339BD0153584FD00FB07ED /* MUKScrolling-Prefix.pch */,
				06339BFD153585D800FB07ED /* Classes */,
				06339BFE153585E000FB07ED /* Unit Tests */,
				06339BCB153584FD00FB07ED /* Frameworks */,
				06339BCA153584FD00FB07ED /* Products */,
			);
			sourceTree = "<group>";
		};
		06339BCA153584FD00FB07ED /* Products */ = {
			isa = PBXGroup;
			children = (
				06339BC9153584FD00FB07ED /* libMUKScrolling.a */,
				06339BD9153584FD00FB07ED /* MUKScrollingTests.octest */,
			);
			name = Products;
			sourceTree = "<group>";
		};
		06339BCB153584FD00FB07ED /* Frameworks */ = {
			isa = PBXGroup;
			children = (
				06339C0E153587E400FB07ED /* UIKit.framework */,
				06339BCC153584FD00FB07ED /* Foundation.framework */,
				06339BDA153584FD00FB07ED /* SenTestingKit.framework */,
				06339BDC153584FE00FB07ED /* UIKit.framework */,
			);
			name = Frameworks;
			sourceTree = "<group>";
		};
		06339BFD153585D800FB07ED /* Classes */ = {
			isa = PBXGroup;
			children = (
				06339C09153587BF00FB07ED /* Recycling Scroll View */,
			);
			name = Classes;
			path = MUKScrolling/Classes;
			sourceTree = "<group>";
		};
		06339BFE153585E000FB07ED /* Unit Tests */ = {
			isa = PBXGroup;
			children = (
				06339BFF153585E000FB07ED /* InfoPlist.strings */,
				06339C01153585E000FB07ED /* MUKScrollingTests-Info.plist */,
				06339C02153585E000FB07ED /* MUKScrollingTests.h */,
				06339C03153585E000FB07ED /* MUKScrollingTests.m */,
			);
			name = "Unit Tests";
			path = "MUKScrolling/Unit Tests";
			sourceTree = "<group>";
		};
		06339C09153587BF00FB07ED /* Recycling Scroll View */ = {
			isa = PBXGroup;
			children = (
				06339C0A153587D600FB07ED /* MUKRecyclingScrollView.h */,
				06339C0B153587D600FB07ED /* MUKRecyclingScrollView.m */,
			);
			path = "Recycling Scroll View";
			sourceTree = "<group>";
		};
/* End PBXGroup section */

/* Begin PBXHeadersBuildPhase section */
		06339BC7153584FD00FB07ED /* Headers */ = {
			isa = PBXHeadersBuildPhase;
			buildActionMask = 2147483647;
			files = (
				06339BF71535855F00FB07ED /* MUKScrolling.h in Headers */,
				06339C0C153587D600FB07ED /* MUKRecyclingScrollView.h in Headers */,
			);
			runOnlyForDeploymentPostprocessing = 0;
		};
/* End PBXHeadersBuildPhase section */

/* Begin PBXNativeTarget section */
		06339BC8153584FD00FB07ED /* MUKScrolling */ = {
			isa = PBXNativeTarget;
			buildConfigurationList = 06339BED153584FE00FB07ED /* Build configuration list for PBXNativeTarget "MUKScrolling" */;
			buildPhases = (
				06339BC5153584FD00FB07ED /* Sources */,
				06339BC6153584FD00FB07ED /* Frameworks */,
				06339BC7153584FD00FB07ED /* Headers */,
				06339C081535872C00FB07ED /* Prepare Framework */,
			);
			buildRules = (
			);
			dependencies = (
			);
			name = MUKScrolling;
			productName = MUKScrolling;
			productReference = 06339BC9153584FD00FB07ED /* libMUKScrolling.a */;
			productType = "com.apple.product-type.library.static";
		};
		06339BD8153584FD00FB07ED /* MUKScrollingTests */ = {
			isa = PBXNativeTarget;
			buildConfigurationList = 06339BF0153584FE00FB07ED /* Build configuration list for PBXNativeTarget "MUKScrollingTests" */;
			buildPhases = (
				06339BD4153584FD00FB07ED /* Sources */,
				06339BD5153584FD00FB07ED /* Frameworks */,
				06339BD6153584FD00FB07ED /* Resources */,
				06339BD7153584FD00FB07ED /* ShellScript */,
			);
			buildRules = (
			);
			dependencies = (
				06339BE0153584FE00FB07ED /* PBXTargetDependency */,
			);
			name = MUKScrollingTests;
			productName = MUKScrollingTests;
			productReference = 06339BD9153584FD00FB07ED /* MUKScrollingTests.octest */;
			productType = "com.apple.product-type.bundle";
		};
/* End PBXNativeTarget section */

/* Begin PBXProject section */
		06339BC0153584FD00FB07ED /* Project object */ = {
			isa = PBXProject;
			attributes = {
				LastUpgradeCheck = 0430;
			};
			buildConfigurationList = 06339BC3153584FD00FB07ED /* Build configuration list for PBXProject "MUKScrolling" */;
			compatibilityVersion = "Xcode 3.2";
			developmentRegion = English;
			hasScannedForEncodings = 0;
			knownRegions = (
				en,
			);
			mainGroup = 06339BBE153584FD00FB07ED;
			productRefGroup = 06339BCA153584FD00FB07ED /* Products */;
			projectDirPath = "";
			projectRoot = "";
			targets = (
				06339BC8153584FD00FB07ED /* MUKScrolling */,
				06339BD8153584FD00FB07ED /* MUKScrollingTests */,
			);
		};
/* End PBXProject section */

/* Begin PBXResourcesBuildPhase section */
		06339BD6153584FD00FB07ED /* Resources */ = {
			isa = PBXResourcesBuildPhase;
			buildActionMask = 2147483647;
			files = (
				06339C071535867400FB07ED /* InfoPlist.strings in Resources */,
			);
			runOnlyForDeploymentPostprocessing = 0;
		};
/* End PBXResourcesBuildPhase section */

/* Begin PBXShellScriptBuildPhase section */
		06339BD7153584FD00FB07ED /* ShellScript */ = {
			isa = PBXShellScriptBuildPhase;
			buildActionMask = 2147483647;
			files = (
			);
			inputPaths = (
			);
			outputPaths = (
			);
			runOnlyForDeploymentPostprocessing = 0;
			shellPath = /bin/sh;
			shellScript = "# Run the unit tests in this test bundle.\n\"${SYSTEM_DEVELOPER_DIR}/Tools/RunUnitTests\"\n";
		};
		06339C081535872C00FB07ED /* Prepare Framework */ = {
			isa = PBXShellScriptBuildPhase;
			buildActionMask = 2147483647;
			files = (
			);
			inputPaths = (
			);
			name = "Prepare Framework";
			outputPaths = (
			);
			runOnlyForDeploymentPostprocessing = 0;
			shellPath = /bin/sh;
			shellScript = "set -e\n\nmkdir -p \"${BUILT_PRODUCTS_DIR}/${PRODUCT_NAME}.framework/Versions/A\"\nmkdir -p \"${BUILT_PRODUCTS_DIR}/${PRODUCT_NAME}.framework/Versions/A/Headers\"\n\n# Link the \"Current\" version to \"A\"\nln -sfh A \"${BUILT_PRODUCTS_DIR}/${PRODUCT_NAME}.framework/Versions/Current\"\nln -sfh Versions/Current/Headers \"${BUILT_PRODUCTS_DIR}/${PRODUCT_NAME}.framework/Headers\"\nln -sfh \"Versions/Current/${PRODUCT_NAME}\" \"${BUILT_PRODUCTS_DIR}/${PRODUCT_NAME}.framework/${PRODUCT_NAME}\"\n\n# The -a ensures that the headers maintain the source modification date so that we don't constantly# cause propagating rebuilds of files that import these headers.\ncp -a \"${TARGET_BUILD_DIR}/${PUBLIC_HEADERS_FOLDER_PATH}/\" \"${BUILT_PRODUCTS_DIR}/${PRODUCT_NAME}.framework/Versions/A/Headers\"";
		};
/* End PBXShellScriptBuildPhase section */

/* Begin PBXSourcesBuildPhase section */
		06339BC5153584FD00FB07ED /* Sources */ = {
			isa = PBXSourcesBuildPhase;
			buildActionMask = 2147483647;
			files = (
				06339C0D153587D600FB07ED /* MUKRecyclingScrollView.m in Sources */,
			);
			runOnlyForDeploymentPostprocessing = 0;
		};
		06339BD4153584FD00FB07ED /* Sources */ = {
			isa = PBXSourcesBuildPhase;
			buildActionMask = 2147483647;
			files = (
				06339C06153585E000FB07ED /* MUKScrollingTests.m in Sources */,
			);
			runOnlyForDeploymentPostprocessing = 0;
		};
/* End PBXSourcesBuildPhase section */

/* Begin PBXTargetDependency section */
		06339BE0153584FE00FB07ED /* PBXTargetDependency */ = {
			isa = PBXTargetDependency;
			target = 06339BC8153584FD00FB07ED /* MUKScrolling */;
			targetProxy = 06339BDF153584FE00FB07ED /* PBXContainerItemProxy */;
		};
/* End PBXTargetDependency section */

/* Begin PBXVariantGroup section */
		06339BFF153585E000FB07ED /* InfoPlist.strings */ = {
			isa = PBXVariantGroup;
			children = (
				06339C00153585E000FB07ED /* en */,
			);
			name = InfoPlist.strings;
			sourceTree = "<group>";
		};
/* End PBXVariantGroup section */

/* Begin XCBuildConfiguration section */
		06339BEB153584FE00FB07ED /* Debug */ = {
			isa = XCBuildConfiguration;
			buildSettings = {
				ALWAYS_SEARCH_USER_PATHS = NO;
				ARCHS = "$(ARCHS_STANDARD_32_BIT)";
				CLANG_ENABLE_OBJC_ARC = YES;
				COPY_PHASE_STRIP = NO;
				DEAD_CODE_STRIPPING = NO;
				GCC_C_LANGUAGE_STANDARD = gnu99;
				GCC_DYNAMIC_NO_PIC = NO;
				GCC_OPTIMIZATION_LEVEL = 0;
				GCC_PREPROCESSOR_DEFINITIONS = (
					"DEBUG=1",
					"$(inherited)",
				);
				GCC_SYMBOLS_PRIVATE_EXTERN = NO;
				GCC_VERSION = com.apple.compilers.llvm.clang.1_0;
				GCC_WARN_ABOUT_RETURN_TYPE = YES;
				GCC_WARN_UNINITIALIZED_AUTOS = YES;
				GCC_WARN_UNUSED_VARIABLE = YES;
				IPHONEOS_DEPLOYMENT_TARGET = 5.1;
				PUBLIC_HEADERS_FOLDER_PATH = Headers;
				SDKROOT = iphoneos;
				STRIP_STYLE = "non-global";
			};
			name = Debug;
		};
		06339BEC153584FE00FB07ED /* Release */ = {
			isa = XCBuildConfiguration;
			buildSettings = {
				ALWAYS_SEARCH_USER_PATHS = NO;
				ARCHS = "$(ARCHS_STANDARD_32_BIT)";
				CLANG_ENABLE_OBJC_ARC = YES;
				COPY_PHASE_STRIP = NO;
				DEAD_CODE_STRIPPING = NO;
				GCC_C_LANGUAGE_STANDARD = gnu99;
				GCC_VERSION = com.apple.compilers.llvm.clang.1_0;
				GCC_WARN_ABOUT_RETURN_TYPE = YES;
				GCC_WARN_UNINITIALIZED_AUTOS = YES;
				GCC_WARN_UNUSED_VARIABLE = YES;
				IPHONEOS_DEPLOYMENT_TARGET = 5.1;
				PUBLIC_HEADERS_FOLDER_PATH = Headers;
				SDKROOT = iphoneos;
				STRIP_STYLE = "non-global";
				VALIDATE_PRODUCT = YES;
			};
			name = Release;
		};
		06339BEE153584FE00FB07ED /* Debug */ = {
			isa = XCBuildConfiguration;
			buildSettings = {
				DSTROOT = /tmp/MUKScrolling.dst;
				GCC_PRECOMPILE_PREFIX_HEADER = YES;
				GCC_PREFIX_HEADER = "MUKScrolling/MUKScrolling-Prefix.pch";
				OTHER_LDFLAGS = "-ObjC";
				PRODUCT_NAME = "$(TARGET_NAME)";
				SKIP_INSTALL = YES;
			};
			name = Debug;
		};
		06339BEF153584FE00FB07ED /* Release */ = {
			isa = XCBuildConfiguration;
			buildSettings = {
				DSTROOT = /tmp/MUKScrolling.dst;
				GCC_PRECOMPILE_PREFIX_HEADER = YES;
				GCC_PREFIX_HEADER = "MUKScrolling/MUKScrolling-Prefix.pch";
				OTHER_LDFLAGS = "-ObjC";
				PRODUCT_NAME = "$(TARGET_NAME)";
				SKIP_INSTALL = YES;
			};
			name = Release;
		};
		06339BF1153584FE00FB07ED /* Debug */ = {
			isa = XCBuildConfiguration;
			buildSettings = {
				FRAMEWORK_SEARCH_PATHS = (
					"$(SDKROOT)/Developer/Library/Frameworks",
					"$(DEVELOPER_LIBRARY_DIR)/Frameworks",
				);
				GCC_PRECOMPILE_PREFIX_HEADER = YES;
				GCC_PREFIX_HEADER = "MUKScrolling/MUKScrolling-Prefix.pch";
				INFOPLIST_FILE = "MUKScrolling/Unit Tests/MUKScrollingTests-Info.plist";
				PRODUCT_NAME = "$(TARGET_NAME)";
				WRAPPER_EXTENSION = octest;
			};
			name = Debug;
		};
		06339BF2153584FE00FB07ED /* Release */ = {
			isa = XCBuildConfiguration;
			buildSettings = {
				FRAMEWORK_SEARCH_PATHS = (
					"$(SDKROOT)/Developer/Library/Frameworks",
					"$(DEVELOPER_LIBRARY_DIR)/Frameworks",
				);
				GCC_PRECOMPILE_PREFIX_HEADER = YES;
				GCC_PREFIX_HEADER = "MUKScrolling/MUKScrolling-Prefix.pch";
				INFOPLIST_FILE = "MUKScrolling/Unit Tests/MUKScrollingTests-Info.plist";
				PRODUCT_NAME = "$(TARGET_NAME)";
				WRAPPER_EXTENSION = octest;
			};
			name = Release;
		};
/* End XCBuildConfiguration section */

/* Begin XCConfigurationList section */
		06339BC3153584FD00FB07ED /* Build configuration list for PBXProject "MUKScrolling" */ = {
			isa = XCConfigurationList;
			buildConfigurations = (
				06339BEB153584FE00FB07ED /* Debug */,
				06339BEC153584FE00FB07ED /* Release */,
			);
			defaultConfigurationIsVisible = 0;
			defaultConfigurationName = Release;
		};
		06339BED153584FE00FB07ED /* Build configuration list for PBXNativeTarget "MUKScrolling" */ = {
			isa = XCConfigurationList;
			buildConfigurations = (
				06339BEE153584FE00FB07ED /* Debug */,
				06339BEF153584FE00FB07ED /* Release */,
			);
			defaultConfigurationIsVisible = 0;
			defaultConfigurationName = Release;
		};
		06339BF0153584FE00FB07ED /* Build configuration list for PBXNativeTarget "MUKScrollingTests" */ = {
			isa = XCConfigurationList;
			buildConfigurations = (
				06339BF1153584FE00FB07ED /* Debug */,
				06339BF2153584FE00FB07ED /* Release */,
			);
			defaultConfigurationIsVisible = 0;
			defaultConfigurationName = Release;
		};
/* End XCConfigurationList section */
	};
	rootObject = 06339BC0153584FD00FB07ED /* Project object */;
}
