// !$*UTF8*$!
{
	archiveVersion = 1;
	classes = {
	};
	objectVersion = 46;
	objects = {

/* Begin PBXAggregateTarget section */
		06339C1F1535988A00FB07ED /* MUKScrollingDocumentation */ = {
			isa = PBXAggregateTarget;
			buildConfigurationList = 06339C201535988A00FB07ED /* Build configuration list for PBXAggregateTarget "MUKScrollingDocumentation" */;
			buildPhases = (
				06339C231535989000FB07ED /* ShellScript */,
			);
			dependencies = (
			);
			name = MUKScrollingDocumentation;
			productName = MUKScrollingDocumentation;
		};
/* End PBXAggregateTarget section */

/* Begin PBXBuildFile section */
		06339BCD153584FD00FB07ED /* Foundation.framework in Frameworks */ = {isa = PBXBuildFile; fileRef = 06339BCC153584FD00FB07ED /* Foundation.framework */; };
		06339BDB153584FD00FB07ED /* SenTestingKit.framework in Frameworks */ = {isa = PBXBuildFile; fileRef = 06339BDA153584FD00FB07ED /* SenTestingKit.framework */; };
		06339BDD153584FE00FB07ED /* UIKit.framework in Frameworks */ = {isa = PBXBuildFile; fileRef = 06339BDC153584FE00FB07ED /* UIKit.framework */; };
		06339BDE153584FE00FB07ED /* Foundation.framework in Frameworks */ = {isa = PBXBuildFile; fileRef = 06339BCC153584FD00FB07ED /* Foundation.framework */; };
		06339BE1153584FE00FB07ED /* libMUKScrolling.a in Frameworks */ = {isa = PBXBuildFile; fileRef = 06339BC9153584FD00FB07ED /* libMUKScrolling.a */; };
		06339BF71535855F00FB07ED /* MUKScrolling.h in Headers */ = {isa = PBXBuildFile; fileRef = 06339BD1153584FD00FB07ED /* MUKScrolling.h */; settings = {ATTRIBUTES = (Public, ); }; };
		06339C071535867400FB07ED /* InfoPlist.strings in Resources */ = {isa = PBXBuildFile; fileRef = 06339BFF153585E000FB07ED /* InfoPlist.strings */; };
		06339C0C153587D600FB07ED /* MUKRecyclingScrollView.h in Headers */ = {isa = PBXBuildFile; fileRef = 06339C0A153587D600FB07ED /* MUKRecyclingScrollView.h */; settings = {ATTRIBUTES = (Public, ); }; };
		06339C0D153587D600FB07ED /* MUKRecyclingScrollView.m in Sources */ = {isa = PBXBuildFile; fileRef = 06339C0B153587D600FB07ED /* MUKRecyclingScrollView.m */; };
		06339C0F153587E400FB07ED /* UIKit.framework in Frameworks */ = {isa = PBXBuildFile; fileRef = 06339C0E153587E400FB07ED /* UIKit.framework */; };
		06339C1415358A2700FB07ED /* MUKRecyclingScrollView_Memory.h in Headers */ = {isa = PBXBuildFile; fileRef = 06339C1315358A2700FB07ED /* MUKRecyclingScrollView_Memory.h */; };
		06339C1615358A5300FB07ED /* MUKRecyclingScrollView_Storage.h in Headers */ = {isa = PBXBuildFile; fileRef = 06339C1515358A5300FB07ED /* MUKRecyclingScrollView_Storage.h */; };
		06339C1915358BB200FB07ED /* MUKRecyclable.h in Headers */ = {isa = PBXBuildFile; fileRef = 06339C1815358BB200FB07ED /* MUKRecyclable.h */; settings = {ATTRIBUTES = (Public, ); }; };
		06339C27153599CA00FB07ED /* MUKRecyclingScrollViewTests.m in Sources */ = {isa = PBXBuildFile; fileRef = 06339C26153599CA00FB07ED /* MUKRecyclingScrollViewTests.m */; };
		06339C3015359C3F00FB07ED /* CoreGraphics.framework in Frameworks */ = {isa = PBXBuildFile; fileRef = 06339C2F15359C3F00FB07ED /* CoreGraphics.framework */; };
		06339C3115359C4C00FB07ED /* CoreGraphics.framework in Frameworks */ = {isa = PBXBuildFile; fileRef = 06339C2F15359C3F00FB07ED /* CoreGraphics.framework */; };
		06339C6F1535F13100FB07ED /* MUKGridView.h in Headers */ = {isa = PBXBuildFile; fileRef = 06339C6D1535F13100FB07ED /* MUKGridView.h */; settings = {ATTRIBUTES = (Public, ); }; };
		06339C701535F13100FB07ED /* MUKGridView.m in Sources */ = {isa = PBXBuildFile; fileRef = 06339C6E1535F13100FB07ED /* MUKGridView.m */; };
		065FE36B155529300039601F /* MUKGridView_Cell.h in Headers */ = {isa = PBXBuildFile; fileRef = 065FE36A155529300039601F /* MUKGridView_Cell.h */; };
		065FE37215552DBE0039601F /* MUKGridCellViewTapGestureRecognizer_.h in Headers */ = {isa = PBXBuildFile; fileRef = 065FE37015552DBE0039601F /* MUKGridCellViewTapGestureRecognizer_.h */; };
		065FE37315552DBE0039601F /* MUKGridCellViewTapGestureRecognizer_.m in Sources */ = {isa = PBXBuildFile; fileRef = 065FE37115552DBE0039601F /* MUKGridCellViewTapGestureRecognizer_.m */; };
		0665B4141547FF640001E1E1 /* MUKRecyclableView.h in Headers */ = {isa = PBXBuildFile; fileRef = 0665B4121547FF640001E1E1 /* MUKRecyclableView.h */; settings = {ATTRIBUTES = (Public, ); }; };
		0665B4151547FF640001E1E1 /* MUKRecyclableView.m in Sources */ = {isa = PBXBuildFile; fileRef = 0665B4131547FF640001E1E1 /* MUKRecyclableView.m */; };
		0665B42A15494A970001E1E1 /* MUKGridView_Storage.h in Headers */ = {isa = PBXBuildFile; fileRef = 0665B42915494A970001E1E1 /* MUKGridView_Storage.h */; };
		066863A4153726CC005D4BC1 /* MUKGridCoordinate.h in Headers */ = {isa = PBXBuildFile; fileRef = 066863A2153726CC005D4BC1 /* MUKGridCoordinate.h */; settings = {ATTRIBUTES = (Public, ); }; };
		066863A5153726CC005D4BC1 /* MUKGridCoordinate.m in Sources */ = {isa = PBXBuildFile; fileRef = 066863A3153726CC005D4BC1 /* MUKGridCoordinate.m */; settings = {COMPILER_FLAGS = "-fno-objc-arc"; }; };
		066863A715384013005D4BC1 /* MUKGridView_Layout.h in Headers */ = {isa = PBXBuildFile; fileRef = 066863A615384013005D4BC1 /* MUKGridView_Layout.h */; };
		066863AB153844BC005D4BC1 /* MUKGridCellView_.h in Headers */ = {isa = PBXBuildFile; fileRef = 066863A9153844BC005D4BC1 /* MUKGridCellView_.h */; };
		066863AC153844BC005D4BC1 /* MUKGridCellView_.m in Sources */ = {isa = PBXBuildFile; fileRef = 066863AA153844BC005D4BC1 /* MUKGridCellView_.m */; };
		066863B015384AFB005D4BC1 /* MUKGridCellSize.h in Headers */ = {isa = PBXBuildFile; fileRef = 066863AE15384AFB005D4BC1 /* MUKGridCellSize.h */; settings = {ATTRIBUTES = (Public, ); }; };
		066863B115384AFB005D4BC1 /* MUKGridCellSize.m in Sources */ = {isa = PBXBuildFile; fileRef = 066863AF15384AFB005D4BC1 /* MUKGridCellSize.m */; };
		066863B6153853A7005D4BC1 /* MUKGridCoordinateTests.m in Sources */ = {isa = PBXBuildFile; fileRef = 066863B5153853A7005D4BC1 /* MUKGridCoordinateTests.m */; };
		066863B915385DBA005D4BC1 /* MUKGridCellSizeTests.m in Sources */ = {isa = PBXBuildFile; fileRef = 066863B815385DBA005D4BC1 /* MUKGridCellSizeTests.m */; };
		066863BD15387538005D4BC1 /* MUKGridViewPrivateTests.m in Sources */ = {isa = PBXBuildFile; fileRef = 066863BC15387538005D4BC1 /* MUKGridViewPrivateTests.m */; };
		066863D715396690005D4BC1 /* MUKGridCellFixedSize.h in Headers */ = {isa = PBXBuildFile; fileRef = 066863D515396690005D4BC1 /* MUKGridCellFixedSize.h */; settings = {ATTRIBUTES = (Public, ); }; };
		066863D815396690005D4BC1 /* MUKGridCellFixedSize.m in Sources */ = {isa = PBXBuildFile; fileRef = 066863D615396690005D4BC1 /* MUKGridCellFixedSize.m */; };
		0675630B15D39DE500D72C58 /* MUK+Color.h in Copy MUKToolkit Headers */ = {isa = PBXBuildFile; fileRef = 0675630915D39DDE00D72C58 /* MUK+Color.h */; };
		06A5525F153EC9AD0086A526 /* MUKGridCellOptions.h in Headers */ = {isa = PBXBuildFile; fileRef = 06A5525D153EC9AD0086A526 /* MUKGridCellOptions.h */; settings = {ATTRIBUTES = (Public, ); }; };
		06A55260153EC9AD0086A526 /* MUKGridCellOptions.m in Sources */ = {isa = PBXBuildFile; fileRef = 06A5525E153EC9AD0086A526 /* MUKGridCellOptions.m */; };
		06D0FCB91535F697008E652E /* MUKGridView_RowsAndColumns.h in Headers */ = {isa = PBXBuildFile; fileRef = 06D0FCB81535F697008E652E /* MUKGridView_RowsAndColumns.h */; };
		06D0FCC21535F932008E652E /* MUKGridViewTests.m in Sources */ = {isa = PBXBuildFile; fileRef = 06D0FCC11535F932008E652E /* MUKGridViewTests.m */; };
		06D7B92815668729006F1E42 /* Security.framework in Frameworks */ = {isa = PBXBuildFile; fileRef = 06D7B92715668729006F1E42 /* Security.framework */; };
		06EEEE6615694DAE0090EE76 /* libMUKToolkit.a in Frameworks */ = {isa = PBXBuildFile; fileRef = 06EEEE6515694DAE0090EE76 /* libMUKToolkit.a */; };
		06FF1B46156788E40040DA06 /* MUK.h in Copy MUKToolkit Headers */ = {isa = PBXBuildFile; fileRef = 06D7B914156686DF006F1E42 /* MUK.h */; };
		06FF1B47156788E40040DA06 /* MUK+String.h in Copy MUKToolkit Headers */ = {isa = PBXBuildFile; fileRef = 06D7B915156686DF006F1E42 /* MUK+String.h */; };
		06FF1B48156788E40040DA06 /* MUK+Date.h in Copy MUKToolkit Headers */ = {isa = PBXBuildFile; fileRef = 06D7B916156686DF006F1E42 /* MUK+Date.h */; };
		06FF1B49156788E40040DA06 /* MUK+Array.h in Copy MUKToolkit Headers */ = {isa = PBXBuildFile; fileRef = 06D7B917156686DF006F1E42 /* MUK+Array.h */; };
		06FF1B4A156788E40040DA06 /* MUK+URL.h in Copy MUKToolkit Headers */ = {isa = PBXBuildFile; fileRef = 06D7B918156686DF006F1E42 /* MUK+URL.h */; };
		06FF1B4B156788E40040DA06 /* MUK+Geometry.h in Copy MUKToolkit Headers */ = {isa = PBXBuildFile; fileRef = 06D7B919156686DF006F1E42 /* MUK+Geometry.h */; };
		06FF1B4C156788E40040DA06 /* MUK+Object.h in Copy MUKToolkit Headers */ = {isa = PBXBuildFile; fileRef = 06D7B91A156686DF006F1E42 /* MUK+Object.h */; };
		06FF1B4D156788E40040DA06 /* MUK+Data.h in Copy MUKToolkit Headers */ = {isa = PBXBuildFile; fileRef = 06D7B91B156686DF006F1E42 /* MUK+Data.h */; };
		06FF1B4F15678A6C0040DA06 /* MUKToolkit.h in Headers */ = {isa = PBXBuildFile; fileRef = 06FF1B4E15678A6C0040DA06 /* MUKToolkit.h */; };
		06FF1B5015678A740040DA06 /* MUKToolkit.h in Copy MUKToolkit Headers */ = {isa = PBXBuildFile; fileRef = 06FF1B4E15678A6C0040DA06 /* MUKToolkit.h */; };
/* End PBXBuildFile section */

/* Begin PBXContainerItemProxy section */
		06339BDF153584FE00FB07ED /* PBXContainerItemProxy */ = {
			isa = PBXContainerItemProxy;
			containerPortal = 06339BC0153584FD00FB07ED /* Project object */;
			proxyType = 1;
			remoteGlobalIDString = 06339BC8153584FD00FB07ED;
			remoteInfo = MUKScrolling;
		};
/* End PBXContainerItemProxy section */

/* Begin PBXCopyFilesBuildPhase section */
		06FF1B45156788C90040DA06 /* Copy MUKToolkit Headers */ = {
			isa = PBXCopyFilesBuildPhase;
			buildActionMask = 2147483647;
			dstPath = MUK/DependenciesHeaders/MUKToolkit;
			dstSubfolderSpec = 16;
			files = (
				06FF1B5015678A740040DA06 /* MUKToolkit.h in Copy MUKToolkit Headers */,
				06FF1B46156788E40040DA06 /* MUK.h in Copy MUKToolkit Headers */,
				06FF1B47156788E40040DA06 /* MUK+String.h in Copy MUKToolkit Headers */,
				06FF1B48156788E40040DA06 /* MUK+Date.h in Copy MUKToolkit Headers */,
				06FF1B49156788E40040DA06 /* MUK+Array.h in Copy MUKToolkit Headers */,
				06FF1B4A156788E40040DA06 /* MUK+URL.h in Copy MUKToolkit Headers */,
				06FF1B4B156788E40040DA06 /* MUK+Geometry.h in Copy MUKToolkit Headers */,
				06FF1B4C156788E40040DA06 /* MUK+Object.h in Copy MUKToolkit Headers */,
				06FF1B4D156788E40040DA06 /* MUK+Data.h in Copy MUKToolkit Headers */,
				0675630B15D39DE500D72C58 /* MUK+Color.h in Copy MUKToolkit Headers */,
			);
			name = "Copy MUKToolkit Headers";
			runOnlyForDeploymentPostprocessing = 0;
		};
/* End PBXCopyFilesBuildPhase section */

/* Begin PBXFileReference section */
		06339BC9153584FD00FB07ED /* libMUKScrolling.a */ = {isa = PBXFileReference; explicitFileType = archive.ar; includeInIndex = 0; path = libMUKScrolling.a; sourceTree = BUILT_PRODUCTS_DIR; };
		06339BCC153584FD00FB07ED /* Foundation.framework */ = {isa = PBXFileReference; lastKnownFileType = wrapper.framework; name = Foundation.framework; path = System/Library/Frameworks/Foundation.framework; sourceTree = SDKROOT; };
		06339BD0153584FD00FB07ED /* MUKScrolling-Prefix.pch */ = {isa = PBXFileReference; lastKnownFileType = sourcecode.c.h; name = "MUKScrolling-Prefix.pch"; path = "MUKScrolling/MUKScrolling-Prefix.pch"; sourceTree = "<group>"; };
		06339BD1153584FD00FB07ED /* MUKScrolling.h */ = {isa = PBXFileReference; lastKnownFileType = sourcecode.c.h; name = MUKScrolling.h; path = MUKScrolling/MUKScrolling.h; sourceTree = "<group>"; };
		06339BD9153584FD00FB07ED /* MUKScrollingTests.octest */ = {isa = PBXFileReference; explicitFileType = wrapper.cfbundle; includeInIndex = 0; path = MUKScrollingTests.octest; sourceTree = BUILT_PRODUCTS_DIR; };
		06339BDA153584FD00FB07ED /* SenTestingKit.framework */ = {isa = PBXFileReference; lastKnownFileType = wrapper.framework; name = SenTestingKit.framework; path = Library/Frameworks/SenTestingKit.framework; sourceTree = DEVELOPER_DIR; };
		06339BDC153584FE00FB07ED /* UIKit.framework */ = {isa = PBXFileReference; lastKnownFileType = wrapper.framework; name = UIKit.framework; path = Library/Frameworks/UIKit.framework; sourceTree = DEVELOPER_DIR; };
		06339BFC153585B900FB07ED /* LICENSE */ = {isa = PBXFileReference; lastKnownFileType = text; path = LICENSE; sourceTree = "<group>"; };
		06339C00153585E000FB07ED /* en */ = {isa = PBXFileReference; lastKnownFileType = text.plist.strings; name = en; path = en.lproj/InfoPlist.strings; sourceTree = "<group>"; };
		06339C01153585E000FB07ED /* MUKScrollingTests-Info.plist */ = {isa = PBXFileReference; fileEncoding = 4; lastKnownFileType = text.plist.xml; path = "MUKScrollingTests-Info.plist"; sourceTree = "<group>"; };
		06339C0A153587D600FB07ED /* MUKRecyclingScrollView.h */ = {isa = PBXFileReference; fileEncoding = 4; lastKnownFileType = sourcecode.c.h; path = MUKRecyclingScrollView.h; sourceTree = "<group>"; };
		06339C0B153587D600FB07ED /* MUKRecyclingScrollView.m */ = {isa = PBXFileReference; fileEncoding = 4; lastKnownFileType = sourcecode.c.objc; path = MUKRecyclingScrollView.m; sourceTree = "<group>"; };
		06339C0E153587E400FB07ED /* UIKit.framework */ = {isa = PBXFileReference; lastKnownFileType = wrapper.framework; name = UIKit.framework; path = System/Library/Frameworks/UIKit.framework; sourceTree = SDKROOT; };
		06339C1315358A2700FB07ED /* MUKRecyclingScrollView_Memory.h */ = {isa = PBXFileReference; fileEncoding = 4; lastKnownFileType = sourcecode.c.h; path = MUKRecyclingScrollView_Memory.h; sourceTree = "<group>"; };
		06339C1515358A5300FB07ED /* MUKRecyclingScrollView_Storage.h */ = {isa = PBXFileReference; fileEncoding = 4; lastKnownFileType = sourcecode.c.h; path = MUKRecyclingScrollView_Storage.h; sourceTree = "<group>"; };
		06339C1815358BB200FB07ED /* MUKRecyclable.h */ = {isa = PBXFileReference; fileEncoding = 4; lastKnownFileType = sourcecode.c.h; path = MUKRecyclable.h; sourceTree = "<group>"; };
		06339C25153599CA00FB07ED /* MUKRecyclingScrollViewTests.h */ = {isa = PBXFileReference; fileEncoding = 4; lastKnownFileType = sourcecode.c.h; path = MUKRecyclingScrollViewTests.h; sourceTree = "<group>"; };
		06339C26153599CA00FB07ED /* MUKRecyclingScrollViewTests.m */ = {isa = PBXFileReference; fileEncoding = 4; lastKnownFileType = sourcecode.c.objc; path = MUKRecyclingScrollViewTests.m; sourceTree = "<group>"; };
		06339C2F15359C3F00FB07ED /* CoreGraphics.framework */ = {isa = PBXFileReference; lastKnownFileType = wrapper.framework; name = CoreGraphics.framework; path = System/Library/Frameworks/CoreGraphics.framework; sourceTree = SDKROOT; };
		06339C6D1535F13100FB07ED /* MUKGridView.h */ = {isa = PBXFileReference; fileEncoding = 4; lastKnownFileType = sourcecode.c.h; path = MUKGridView.h; sourceTree = "<group>"; };
		06339C6E1535F13100FB07ED /* MUKGridView.m */ = {isa = PBXFileReference; fileEncoding = 4; lastKnownFileType = sourcecode.c.objc; path = MUKGridView.m; sourceTree = "<group>"; };
		065FE36A155529300039601F /* MUKGridView_Cell.h */ = {isa = PBXFileReference; fileEncoding = 4; lastKnownFileType = sourcecode.c.h; path = MUKGridView_Cell.h; sourceTree = "<group>"; };
		065FE37015552DBE0039601F /* MUKGridCellViewTapGestureRecognizer_.h */ = {isa = PBXFileReference; fileEncoding = 4; lastKnownFileType = sourcecode.c.h; path = MUKGridCellViewTapGestureRecognizer_.h; sourceTree = "<group>"; };
		065FE37115552DBE0039601F /* MUKGridCellViewTapGestureRecognizer_.m */ = {isa = PBXFileReference; fileEncoding = 4; lastKnownFileType = sourcecode.c.objc; path = MUKGridCellViewTapGestureRecognizer_.m; sourceTree = "<group>"; };
		0665B4121547FF640001E1E1 /* MUKRecyclableView.h */ = {isa = PBXFileReference; fileEncoding = 4; lastKnownFileType = sourcecode.c.h; path = MUKRecyclableView.h; sourceTree = "<group>"; };
		0665B4131547FF640001E1E1 /* MUKRecyclableView.m */ = {isa = PBXFileReference; fileEncoding = 4; lastKnownFileType = sourcecode.c.objc; path = MUKRecyclableView.m; sourceTree = "<group>"; };
		0665B42915494A970001E1E1 /* MUKGridView_Storage.h */ = {isa = PBXFileReference; fileEncoding = 4; lastKnownFileType = sourcecode.c.h; path = MUKGridView_Storage.h; sourceTree = "<group>"; };
		066863A2153726CC005D4BC1 /* MUKGridCoordinate.h */ = {isa = PBXFileReference; fileEncoding = 4; lastKnownFileType = sourcecode.c.h; path = MUKGridCoordinate.h; sourceTree = "<group>"; };
		066863A3153726CC005D4BC1 /* MUKGridCoordinate.m */ = {isa = PBXFileReference; fileEncoding = 4; lastKnownFileType = sourcecode.c.objc; path = MUKGridCoordinate.m; sourceTree = "<group>"; };
		066863A615384013005D4BC1 /* MUKGridView_Layout.h */ = {isa = PBXFileReference; fileEncoding = 4; lastKnownFileType = sourcecode.c.h; path = MUKGridView_Layout.h; sourceTree = "<group>"; };
		066863A9153844BC005D4BC1 /* MUKGridCellView_.h */ = {isa = PBXFileReference; fileEncoding = 4; lastKnownFileType = sourcecode.c.h; path = MUKGridCellView_.h; sourceTree = "<group>"; };
		066863AA153844BC005D4BC1 /* MUKGridCellView_.m */ = {isa = PBXFileReference; fileEncoding = 4; lastKnownFileType = sourcecode.c.objc; path = MUKGridCellView_.m; sourceTree = "<group>"; };
		066863AE15384AFB005D4BC1 /* MUKGridCellSize.h */ = {isa = PBXFileReference; fileEncoding = 4; lastKnownFileType = sourcecode.c.h; path = MUKGridCellSize.h; sourceTree = "<group>"; };
		066863AF15384AFB005D4BC1 /* MUKGridCellSize.m */ = {isa = PBXFileReference; fileEncoding = 4; lastKnownFileType = sourcecode.c.objc; path = MUKGridCellSize.m; sourceTree = "<group>"; };
		066863B4153853A7005D4BC1 /* MUKGridCoordinateTests.h */ = {isa = PBXFileReference; fileEncoding = 4; lastKnownFileType = sourcecode.c.h; path = MUKGridCoordinateTests.h; sourceTree = "<group>"; };
		066863B5153853A7005D4BC1 /* MUKGridCoordinateTests.m */ = {isa = PBXFileReference; fileEncoding = 4; lastKnownFileType = sourcecode.c.objc; path = MUKGridCoordinateTests.m; sourceTree = "<group>"; };
		066863B715385DBA005D4BC1 /* MUKGridCellSizeTests.h */ = {isa = PBXFileReference; fileEncoding = 4; lastKnownFileType = sourcecode.c.h; path = MUKGridCellSizeTests.h; sourceTree = "<group>"; };
		066863B815385DBA005D4BC1 /* MUKGridCellSizeTests.m */ = {isa = PBXFileReference; fileEncoding = 4; lastKnownFileType = sourcecode.c.objc; path = MUKGridCellSizeTests.m; sourceTree = "<group>"; };
		066863BB15387538005D4BC1 /* MUKGridViewPrivateTests.h */ = {isa = PBXFileReference; fileEncoding = 4; lastKnownFileType = sourcecode.c.h; path = MUKGridViewPrivateTests.h; sourceTree = "<group>"; };
		066863BC15387538005D4BC1 /* MUKGridViewPrivateTests.m */ = {isa = PBXFileReference; fileEncoding = 4; lastKnownFileType = sourcecode.c.objc; path = MUKGridViewPrivateTests.m; sourceTree = "<group>"; };
		066863D515396690005D4BC1 /* MUKGridCellFixedSize.h */ = {isa = PBXFileReference; fileEncoding = 4; lastKnownFileType = sourcecode.c.h; path = MUKGridCellFixedSize.h; sourceTree = "<group>"; };
		066863D615396690005D4BC1 /* MUKGridCellFixedSize.m */ = {isa = PBXFileReference; fileEncoding = 4; lastKnownFileType = sourcecode.c.objc; path = MUKGridCellFixedSize.m; sourceTree = "<group>"; };
		0675630915D39DDE00D72C58 /* MUK+Color.h */ = {isa = PBXFileReference; fileEncoding = 4; lastKnownFileType = file; name = "MUK+Color.h"; path = "Submodules/MUKToolkit/MUKToolkit/Classes/Color/MUK+Color.h"; sourceTree = "<group>"; };
		06A5525D153EC9AD0086A526 /* MUKGridCellOptions.h */ = {isa = PBXFileReference; fileEncoding = 4; lastKnownFileType = sourcecode.c.h; path = MUKGridCellOptions.h; sourceTree = "<group>"; };
		06A5525E153EC9AD0086A526 /* MUKGridCellOptions.m */ = {isa = PBXFileReference; fileEncoding = 4; lastKnownFileType = sourcecode.c.objc; path = MUKGridCellOptions.m; sourceTree = "<group>"; };
		06D0FCB81535F697008E652E /* MUKGridView_RowsAndColumns.h */ = {isa = PBXFileReference; fileEncoding = 4; lastKnownFileType = sourcecode.c.h; path = MUKGridView_RowsAndColumns.h; sourceTree = "<group>"; };
		06D0FCC01535F932008E652E /* MUKGridViewTests.h */ = {isa = PBXFileReference; fileEncoding = 4; lastKnownFileType = sourcecode.c.h; path = MUKGridViewTests.h; sourceTree = "<group>"; };
		06D0FCC11535F932008E652E /* MUKGridViewTests.m */ = {isa = PBXFileReference; fileEncoding = 4; lastKnownFileType = sourcecode.c.objc; path = MUKGridViewTests.m; sourceTree = "<group>"; };
		06D7B914156686DF006F1E42 /* MUK.h */ = {isa = PBXFileReference; fileEncoding = 4; lastKnownFileType = sourcecode.c.h; name = MUK.h; path = Submodules/MUKToolkit/MUKToolkit/Classes/Base/MUK.h; sourceTree = "<group>"; };
		06D7B915156686DF006F1E42 /* MUK+String.h */ = {isa = PBXFileReference; fileEncoding = 4; lastKnownFileType = sourcecode.c.h; name = "MUK+String.h"; path = "Submodules/MUKToolkit/MUKToolkit/Classes/String/MUK+String.h"; sourceTree = "<group>"; };
		06D7B916156686DF006F1E42 /* MUK+Date.h */ = {isa = PBXFileReference; fileEncoding = 4; lastKnownFileType = sourcecode.c.h; name = "MUK+Date.h"; path = "Submodules/MUKToolkit/MUKToolkit/Classes/Date/MUK+Date.h"; sourceTree = "<group>"; };
		06D7B917156686DF006F1E42 /* MUK+Array.h */ = {isa = PBXFileReference; fileEncoding = 4; lastKnownFileType = sourcecode.c.h; name = "MUK+Array.h"; path = "Submodules/MUKToolkit/MUKToolkit/Classes/Array/MUK+Array.h"; sourceTree = "<group>"; };
		06D7B918156686DF006F1E42 /* MUK+URL.h */ = {isa = PBXFileReference; fileEncoding = 4; lastKnownFileType = sourcecode.c.h; name = "MUK+URL.h"; path = "Submodules/MUKToolkit/MUKToolkit/Classes/URL/MUK+URL.h"; sourceTree = "<group>"; };
		06D7B919156686DF006F1E42 /* MUK+Geometry.h */ = {isa = PBXFileReference; fileEncoding = 4; lastKnownFileType = sourcecode.c.h; name = "MUK+Geometry.h"; path = "Submodules/MUKToolkit/MUKToolkit/Classes/Geometry/MUK+Geometry.h"; sourceTree = "<group>"; };
		06D7B91A156686DF006F1E42 /* MUK+Object.h */ = {isa = PBXFileReference; fileEncoding = 4; lastKnownFileType = sourcecode.c.h; name = "MUK+Object.h"; path = "Submodules/MUKToolkit/MUKToolkit/Classes/Object/MUK+Object.h"; sourceTree = "<group>"; };
		06D7B91B156686DF006F1E42 /* MUK+Data.h */ = {isa = PBXFileReference; fileEncoding = 4; lastKnownFileType = sourcecode.c.h; name = "MUK+Data.h"; path = "Submodules/MUKToolkit/MUKToolkit/Classes/Data/MUK+Data.h"; sourceTree = "<group>"; };
		06D7B92715668729006F1E42 /* Security.framework */ = {isa = PBXFileReference; lastKnownFileType = wrapper.framework; name = Security.framework; path = System/Library/Frameworks/Security.framework; sourceTree = SDKROOT; };
		06EEEE6515694DAE0090EE76 /* libMUKToolkit.a */ = {isa = PBXFileReference; lastKnownFileType = archive.ar; name = libMUKToolkit.a; path = "Submodules/MUKToolkit/build/Release-iphoneos/libMUKToolkit.a"; sourceTree = "<group>"; };
		06FF1B4E15678A6C0040DA06 /* MUKToolkit.h */ = {isa = PBXFileReference; fileEncoding = 4; lastKnownFileType = sourcecode.c.h; name = MUKToolkit.h; path = Submodules/MUKToolkit/MUKToolkit/MUKToolkit.h; sourceTree = "<group>"; };
/* End PBXFileReference section */

/* Begin PBXFrameworksBuildPhase section */
		06339BC6153584FD00FB07ED /* Frameworks */ = {
			isa = PBXFrameworksBuildPhase;
			buildActionMask = 2147483647;
			files = (
				06339C3015359C3F00FB07ED /* CoreGraphics.framework in Frameworks */,
				06339C0F153587E400FB07ED /* UIKit.framework in Frameworks */,
				06339BCD153584FD00FB07ED /* Foundation.framework in Frameworks */,
			);
			runOnlyForDeploymentPostprocessing = 0;
		};
		06339BD5153584FD00FB07ED /* Frameworks */ = {
			isa = PBXFrameworksBuildPhase;
			buildActionMask = 2147483647;
			files = (
				06EEEE6615694DAE0090EE76 /* libMUKToolkit.a in Frameworks */,
				06339BE1153584FE00FB07ED /* libMUKScrolling.a in Frameworks */,
				06D7B92815668729006F1E42 /* Security.framework in Frameworks */,
				06339C3115359C4C00FB07ED /* CoreGraphics.framework in Frameworks */,
				06339BDB153584FD00FB07ED /* SenTestingKit.framework in Frameworks */,
				06339BDD153584FE00FB07ED /* UIKit.framework in Frameworks */,
				06339BDE153584FE00FB07ED /* Foundation.framework in Frameworks */,
			);
			runOnlyForDeploymentPostprocessing = 0;
		};
/* End PBXFrameworksBuildPhase section */

/* Begin PBXGroup section */
		06339BBE153584FD00FB07ED = {
			isa = PBXGroup;
			children = (
				06339BFC153585B900FB07ED /* LICENSE */,
				06339BD1153584FD00FB07ED /* MUKScrolling.h */,
				06339BD0153584FD00FB07ED /* MUKScrolling-Prefix.pch */,
				06339BFD153585D800FB07ED /* Classes */,
				06D7B91215668696006F1E42 /* Dependencies Public Headers */,
				06339BFE153585E000FB07ED /* Unit Tests */,
				06339BCB153584FD00FB07ED /* Frameworks */,
				06339BCA153584FD00FB07ED /* Products */,
			);
			sourceTree = "<group>";
		};
		06339BCA153584FD00FB07ED /* Products */ = {
			isa = PBXGroup;
			children = (
				06339BC9153584FD00FB07ED /* libMUKScrolling.a */,
				06339BD9153584FD00FB07ED /* MUKScrollingTests.octest */,
			);
			name = Products;
			sourceTree = "<group>";
		};
		06339BCB153584FD00FB07ED /* Frameworks */ = {
			isa = PBXGroup;
			children = (
				06EEEE6515694DAE0090EE76 /* libMUKToolkit.a */,
				06D7B92715668729006F1E42 /* Security.framework */,
				06339C2F15359C3F00FB07ED /* CoreGraphics.framework */,
				06339C0E153587E400FB07ED /* UIKit.framework */,
				06339BCC153584FD00FB07ED /* Foundation.framework */,
				06339BDA153584FD00FB07ED /* SenTestingKit.framework */,
				06339BDC153584FE00FB07ED /* UIKit.framework */,
			);
			name = Frameworks;
			sourceTree = "<group>";
		};
		06339BFD153585D800FB07ED /* Classes */ = {
			isa = PBXGroup;
			children = (
				06339C6B1535F10700FB07ED /* Grid */,
				06339C1715358B9D00FB07ED /* Types */,
				0665B4111547FF530001E1E1 /* Recyclable View */,
				06339C09153587BF00FB07ED /* Recycling Scroll View */,
			);
			name = Classes;
			path = MUKScrolling/Classes;
			sourceTree = "<group>";
		};
		06339BFE153585E000FB07ED /* Unit Tests */ = {
			isa = PBXGroup;
			children = (
				06339BFF153585E000FB07ED /* InfoPlist.strings */,
				06339C01153585E000FB07ED /* MUKScrollingTests-Info.plist */,
				06D0FCBE1535F925008E652E /* Grid */,
				06339C24153599B700FB07ED /* Recycling Scroll View */,
			);
			name = "Unit Tests";
			path = "MUKScrolling/Unit Tests";
			sourceTree = "<group>";
		};
		06339C09153587BF00FB07ED /* Recycling Scroll View */ = {
			isa = PBXGroup;
			children = (
				06339C10153589AC00FB07ED /* Private */,
				06339C0A153587D600FB07ED /* MUKRecyclingScrollView.h */,
				06339C0B153587D600FB07ED /* MUKRecyclingScrollView.m */,
			);
			path = "Recycling Scroll View";
			sourceTree = "<group>";
		};
		06339C10153589AC00FB07ED /* Private */ = {
			isa = PBXGroup;
			children = (
				06339C1315358A2700FB07ED /* MUKRecyclingScrollView_Memory.h */,
				06339C1515358A5300FB07ED /* MUKRecyclingScrollView_Storage.h */,
			);
			path = Private;
			sourceTree = "<group>";
		};
		06339C1715358B9D00FB07ED /* Types */ = {
			isa = PBXGroup;
			children = (
				06339C1815358BB200FB07ED /* MUKRecyclable.h */,
			);
			path = Types;
			sourceTree = "<group>";
		};
		06339C24153599B700FB07ED /* Recycling Scroll View */ = {
			isa = PBXGroup;
			children = (
				06339C25153599CA00FB07ED /* MUKRecyclingScrollViewTests.h */,
				06339C26153599CA00FB07ED /* MUKRecyclingScrollViewTests.m */,
			);
			path = "Recycling Scroll View";
			sourceTree = "<group>";
		};
		06339C6B1535F10700FB07ED /* Grid */ = {
			isa = PBXGroup;
			children = (
				06A5525C153EC99D0086A526 /* Cell Options */,
				066863AD15384ADF005D4BC1 /* Cell Size */,
				066863A0153726BB005D4BC1 /* Coordinate */,
				06339C711535F2CA00FB07ED /* Private */,
				06339C6D1535F13100FB07ED /* MUKGridView.h */,
				06339C6E1535F13100FB07ED /* MUKGridView.m */,
			);
			path = Grid;
			sourceTree = "<group>";
		};
		06339C711535F2CA00FB07ED /* Private */ = {
			isa = PBXGroup;
			children = (
				065FE36F15552D930039601F /* Tap Recognizer */,
				066863A815384468005D4BC1 /* Cell */,
				06D0FCB81535F697008E652E /* MUKGridView_RowsAndColumns.h */,
				066863A615384013005D4BC1 /* MUKGridView_Layout.h */,
				0665B42915494A970001E1E1 /* MUKGridView_Storage.h */,
				065FE36A155529300039601F /* MUKGridView_Cell.h */,
			);
			path = Private;
			sourceTree = "<group>";
		};
		065FE36F15552D930039601F /* Tap Recognizer */ = {
			isa = PBXGroup;
			children = (
				065FE37015552DBE0039601F /* MUKGridCellViewTapGestureRecognizer_.h */,
				065FE37115552DBE0039601F /* MUKGridCellViewTapGestureRecognizer_.m */,
			);
			path = "Tap Recognizer";
			sourceTree = "<group>";
		};
		0665B4111547FF530001E1E1 /* Recyclable View */ = {
			isa = PBXGroup;
			children = (
				0665B4121547FF640001E1E1 /* MUKRecyclableView.h */,
				0665B4131547FF640001E1E1 /* MUKRecyclableView.m */,
			);
			path = "Recyclable View";
			sourceTree = "<group>";
		};
		066863A0153726BB005D4BC1 /* Coordinate */ = {
			isa = PBXGroup;
			children = (
				066863A2153726CC005D4BC1 /* MUKGridCoordinate.h */,
				066863A3153726CC005D4BC1 /* MUKGridCoordinate.m */,
			);
			path = Coordinate;
			sourceTree = "<group>";
		};
		066863A815384468005D4BC1 /* Cell */ = {
			isa = PBXGroup;
			children = (
				066863A9153844BC005D4BC1 /* MUKGridCellView_.h */,
				066863AA153844BC005D4BC1 /* MUKGridCellView_.m */,
			);
			path = Cell;
			sourceTree = "<group>";
		};
		066863AD15384ADF005D4BC1 /* Cell Size */ = {
			isa = PBXGroup;
			children = (
				066863D315396672005D4BC1 /* Fixed */,
				066863AE15384AFB005D4BC1 /* MUKGridCellSize.h */,
				066863AF15384AFB005D4BC1 /* MUKGridCellSize.m */,
			);
			path = "Cell Size";
			sourceTree = "<group>";
		};
		066863B215385394005D4BC1 /* Cell Size */ = {
			isa = PBXGroup;
			children = (
				066863B715385DBA005D4BC1 /* MUKGridCellSizeTests.h */,
				066863B815385DBA005D4BC1 /* MUKGridCellSizeTests.m */,
			);
			path = "Cell Size";
			sourceTree = "<group>";
		};
		066863B315385394005D4BC1 /* Coordinate */ = {
			isa = PBXGroup;
			children = (
				066863B4153853A7005D4BC1 /* MUKGridCoordinateTests.h */,
				066863B5153853A7005D4BC1 /* MUKGridCoordinateTests.m */,
			);
			path = Coordinate;
			sourceTree = "<group>";
		};
		066863BA15387523005D4BC1 /* Private */ = {
			isa = PBXGroup;
			children = (
				066863BB15387538005D4BC1 /* MUKGridViewPrivateTests.h */,
				066863BC15387538005D4BC1 /* MUKGridViewPrivateTests.m */,
			);
			path = Private;
			sourceTree = "<group>";
		};
		066863D315396672005D4BC1 /* Fixed */ = {
			isa = PBXGroup;
			children = (
				066863D515396690005D4BC1 /* MUKGridCellFixedSize.h */,
				066863D615396690005D4BC1 /* MUKGridCellFixedSize.m */,
			);
			path = Fixed;
			sourceTree = "<group>";
		};
		06A5525C153EC99D0086A526 /* Cell Options */ = {
			isa = PBXGroup;
			children = (
				06A5525D153EC9AD0086A526 /* MUKGridCellOptions.h */,
				06A5525E153EC9AD0086A526 /* MUKGridCellOptions.m */,
			);
			path = "Cell Options";
			sourceTree = "<group>";
		};
		06D0FCBE1535F925008E652E /* Grid */ = {
			isa = PBXGroup;
			children = (
				066863BA15387523005D4BC1 /* Private */,
				066863B215385394005D4BC1 /* Cell Size */,
				066863B315385394005D4BC1 /* Coordinate */,
				06D0FCC01535F932008E652E /* MUKGridViewTests.h */,
				06D0FCC11535F932008E652E /* MUKGridViewTests.m */,
			);
			path = Grid;
			sourceTree = "<group>";
		};
		06D7B91215668696006F1E42 /* Dependencies Public Headers */ = {
			isa = PBXGroup;
			children = (
				06D7B913156686B4006F1E42 /* MUKToolkit */,
			);
			name = "Dependencies Public Headers";
			sourceTree = "<group>";
		};
		06D7B913156686B4006F1E42 /* MUKToolkit */ = {
			isa = PBXGroup;
			children = (
				06FF1B4E15678A6C0040DA06 /* MUKToolkit.h */,
				06D7B914156686DF006F1E42 /* MUK.h */,
				06D7B915156686DF006F1E42 /* MUK+String.h */,
				0675630915D39DDE00D72C58 /* MUK+Color.h */,
				06D7B916156686DF006F1E42 /* MUK+Date.h */,
				06D7B917156686DF006F1E42 /* MUK+Array.h */,
				06D7B918156686DF006F1E42 /* MUK+URL.h */,
				06D7B919156686DF006F1E42 /* MUK+Geometry.h */,
				06D7B91A156686DF006F1E42 /* MUK+Object.h */,
				06D7B91B156686DF006F1E42 /* MUK+Data.h */,
			);
			name = MUKToolkit;
			sourceTree = "<group>";
		};
/* End PBXGroup section */

/* Begin PBXHeadersBuildPhase section */
		06339BC7153584FD00FB07ED /* Headers */ = {
			isa = PBXHeadersBuildPhase;
			buildActionMask = 2147483647;
			files = (
				06339BF71535855F00FB07ED /* MUKScrolling.h in Headers */,
				06339C0C153587D600FB07ED /* MUKRecyclingScrollView.h in Headers */,
				06339C1415358A2700FB07ED /* MUKRecyclingScrollView_Memory.h in Headers */,
				06339C1615358A5300FB07ED /* MUKRecyclingScrollView_Storage.h in Headers */,
				06339C1915358BB200FB07ED /* MUKRecyclable.h in Headers */,
				06339C6F1535F13100FB07ED /* MUKGridView.h in Headers */,
				06D0FCB91535F697008E652E /* MUKGridView_RowsAndColumns.h in Headers */,
				066863A4153726CC005D4BC1 /* MUKGridCoordinate.h in Headers */,
				066863A715384013005D4BC1 /* MUKGridView_Layout.h in Headers */,
				066863AB153844BC005D4BC1 /* MUKGridCellView_.h in Headers */,
				066863B015384AFB005D4BC1 /* MUKGridCellSize.h in Headers */,
				066863D715396690005D4BC1 /* MUKGridCellFixedSize.h in Headers */,
				06A5525F153EC9AD0086A526 /* MUKGridCellOptions.h in Headers */,
				0665B4141547FF640001E1E1 /* MUKRecyclableView.h in Headers */,
				0665B42A15494A970001E1E1 /* MUKGridView_Storage.h in Headers */,
				065FE36B155529300039601F /* MUKGridView_Cell.h in Headers */,
				065FE37215552DBE0039601F /* MUKGridCellViewTapGestureRecognizer_.h in Headers */,
				06FF1B4F15678A6C0040DA06 /* MUKToolkit.h in Headers */,
			);
			runOnlyForDeploymentPostprocessing = 0;
		};
/* End PBXHeadersBuildPhase section */

/* Begin PBXNativeTarget section */
		06339BC8153584FD00FB07ED /* MUKScrolling */ = {
			isa = PBXNativeTarget;
			buildConfigurationList = 06339BED153584FE00FB07ED /* Build configuration list for PBXNativeTarget "MUKScrolling" */;
			buildPhases = (
				06FF1B45156788C90040DA06 /* Copy MUKToolkit Headers */,
				06339BC5153584FD00FB07ED /* Sources */,
				06339BC6153584FD00FB07ED /* Frameworks */,
				06339BC7153584FD00FB07ED /* Headers */,
				06339C081535872C00FB07ED /* Prepare Framework */,
			);
			buildRules = (
			);
			dependencies = (
			);
			name = MUKScrolling;
			productName = MUKScrolling;
			productReference = 06339BC9153584FD00FB07ED /* libMUKScrolling.a */;
			productType = "com.apple.product-type.library.static";
		};
		06339BD8153584FD00FB07ED /* MUKScrollingTests */ = {
			isa = PBXNativeTarget;
			buildConfigurationList = 06339BF0153584FE00FB07ED /* Build configuration list for PBXNativeTarget "MUKScrollingTests" */;
			buildPhases = (
				06339BD4153584FD00FB07ED /* Sources */,
				06339BD5153584FD00FB07ED /* Frameworks */,
				06339BD6153584FD00FB07ED /* Resources */,
				06339BD7153584FD00FB07ED /* ShellScript */,
			);
			buildRules = (
			);
			dependencies = (
				06339BE0153584FE00FB07ED /* PBXTargetDependency */,
			);
			name = MUKScrollingTests;
			productName = MUKScrollingTests;
			productReference = 06339BD9153584FD00FB07ED /* MUKScrollingTests.octest */;
			productType = "com.apple.product-type.bundle";
		};
/* End PBXNativeTarget section */

/* Begin PBXProject section */
		06339BC0153584FD00FB07ED /* Project object */ = {
			isa = PBXProject;
			attributes = {
				LastUpgradeCheck = 0440;
			};
			buildConfigurationList = 06339BC3153584FD00FB07ED /* Build configuration list for PBXProject "MUKScrolling" */;
			compatibilityVersion = "Xcode 3.2";
			developmentRegion = English;
			hasScannedForEncodings = 0;
			knownRegions = (
				en,
			);
			mainGroup = 06339BBE153584FD00FB07ED;
			productRefGroup = 06339BCA153584FD00FB07ED /* Products */;
			projectDirPath = "";
			projectRoot = "";
			targets = (
				06339BC8153584FD00FB07ED /* MUKScrolling */,
				06339BD8153584FD00FB07ED /* MUKScrollingTests */,
				06339C1F1535988A00FB07ED /* MUKScrollingDocumentation */,
			);
		};
/* End PBXProject section */

/* Begin PBXResourcesBuildPhase section */
		06339BD6153584FD00FB07ED /* Resources */ = {
			isa = PBXResourcesBuildPhase;
			buildActionMask = 2147483647;
			files = (
				06339C071535867400FB07ED /* InfoPlist.strings in Resources */,
			);
			runOnlyForDeploymentPostprocessing = 0;
		};
/* End PBXResourcesBuildPhase section */

/* Begin PBXShellScriptBuildPhase section */
		06339BD7153584FD00FB07ED /* ShellScript */ = {
			isa = PBXShellScriptBuildPhase;
			buildActionMask = 2147483647;
			files = (
			);
			inputPaths = (
			);
			outputPaths = (
			);
			runOnlyForDeploymentPostprocessing = 0;
			shellPath = /bin/sh;
			shellScript = "# Run the unit tests in this test bundle.\n\"${SYSTEM_DEVELOPER_DIR}/Tools/RunUnitTests\"\n";
		};
		06339C081535872C00FB07ED /* Prepare Framework */ = {
			isa = PBXShellScriptBuildPhase;
			buildActionMask = 2147483647;
			files = (
			);
			inputPaths = (
			);
			name = "Prepare Framework";
			outputPaths = (
			);
			runOnlyForDeploymentPostprocessing = 0;
			shellPath = /bin/sh;
			shellScript = "set -e\n\nmkdir -p \"${BUILT_PRODUCTS_DIR}/${PRODUCT_NAME}.framework/Versions/A\"\nmkdir -p \"${BUILT_PRODUCTS_DIR}/${PRODUCT_NAME}.framework/Versions/A/Headers\"\n\n# Link the \"Current\" version to \"A\"\nln -sfh A \"${BUILT_PRODUCTS_DIR}/${PRODUCT_NAME}.framework/Versions/Current\"\nln -sfh Versions/Current/Headers \"${BUILT_PRODUCTS_DIR}/${PRODUCT_NAME}.framework/Headers\"\nln -sfh \"Versions/Current/${PRODUCT_NAME}\" \"${BUILT_PRODUCTS_DIR}/${PRODUCT_NAME}.framework/${PRODUCT_NAME}\"\n\n# The -a ensures that the headers maintain the source modification date so that we don't constantly# cause propagating rebuilds of files that import these headers.\ncp -a \"${TARGET_BUILD_DIR}/${PUBLIC_HEADERS_FOLDER_PATH}/\" \"${BUILT_PRODUCTS_DIR}/${PRODUCT_NAME}.framework/Versions/A/Headers\"";
		};
		06339C231535989000FB07ED /* ShellScript */ = {
			isa = PBXShellScriptBuildPhase;
			buildActionMask = 2147483647;
			files = (
			);
			inputPaths = (
			);
			outputPaths = (
			);
			runOnlyForDeploymentPostprocessing = 0;
			shellPath = /bin/sh;
			shellScript = "/usr/local/bin/appledoc \\\n--project-name \"MUKScrolling\" \\\n--project-company \"MeLive\" \\\n--company-id \"it.melive\" \\\n--output \"Documentation\" \\\n--logformat xcode \\\n--keep-undocumented-objects \\\n--keep-undocumented-members \\\n--no-repeat-first-par \\\n--no-warn-invalid-crossref \\\n--ignore \"*.m\" \\\n--ignore \"Unit Tests\" \\\n--ignore \"Example\" \\\n--ignore \"Private\" \\\n--ignore \"Submodules\" \\\n--exit-threshold 2 \\\n\"${PROJECT_DIR}\"";
		};
/* End PBXShellScriptBuildPhase section */

/* Begin PBXSourcesBuildPhase section */
		06339BC5153584FD00FB07ED /* Sources */ = {
			isa = PBXSourcesBuildPhase;
			buildActionMask = 2147483647;
			files = (
				06339C0D153587D600FB07ED /* MUKRecyclingScrollView.m in Sources */,
				06339C701535F13100FB07ED /* MUKGridView.m in Sources */,
				066863A5153726CC005D4BC1 /* MUKGridCoordinate.m in Sources */,
				066863AC153844BC005D4BC1 /* MUKGridCellView_.m in Sources */,
				066863B115384AFB005D4BC1 /* MUKGridCellSize.m in Sources */,
				066863D815396690005D4BC1 /* MUKGridCellFixedSize.m in Sources */,
				06A55260153EC9AD0086A526 /* MUKGridCellOptions.m in Sources */,
				0665B4151547FF640001E1E1 /* MUKRecyclableView.m in Sources */,
				065FE37315552DBE0039601F /* MUKGridCellViewTapGestureRecognizer_.m in Sources */,
			);
			runOnlyForDeploymentPostprocessing = 0;
		};
		06339BD4153584FD00FB07ED /* Sources */ = {
			isa = PBXSourcesBuildPhase;
			buildActionMask = 2147483647;
			files = (
				06339C27153599CA00FB07ED /* MUKRecyclingScrollViewTests.m in Sources */,
				06D0FCC21535F932008E652E /* MUKGridViewTests.m in Sources */,
				066863B6153853A7005D4BC1 /* MUKGridCoordinateTests.m in Sources */,
				066863B915385DBA005D4BC1 /* MUKGridCellSizeTests.m in Sources */,
				066863BD15387538005D4BC1 /* MUKGridViewPrivateTests.m in Sources */,
			);
			runOnlyForDeploymentPostprocessing = 0;
		};
/* End PBXSourcesBuildPhase section */

/* Begin PBXTargetDependency section */
		06339BE0153584FE00FB07ED /* PBXTargetDependency */ = {
			isa = PBXTargetDependency;
			target = 06339BC8153584FD00FB07ED /* MUKScrolling */;
			targetProxy = 06339BDF153584FE00FB07ED /* PBXContainerItemProxy */;
		};
/* End PBXTargetDependency section */

/* Begin PBXVariantGroup section */
		06339BFF153585E000FB07ED /* InfoPlist.strings */ = {
			isa = PBXVariantGroup;
			children = (
				06339C00153585E000FB07ED /* en */,
			);
			name = InfoPlist.strings;
			sourceTree = "<group>";
		};
/* End PBXVariantGroup section */

/* Begin XCBuildConfiguration section */
		06339BEB153584FE00FB07ED /* Debug */ = {
			isa = XCBuildConfiguration;
			buildSettings = {
				ALWAYS_SEARCH_USER_PATHS = NO;
				ARCHS = (
					armv6,
					armv7,
				);
				CLANG_ENABLE_OBJC_ARC = YES;
				COPY_PHASE_STRIP = NO;
				DEAD_CODE_STRIPPING = NO;
				GCC_C_LANGUAGE_STANDARD = gnu99;
				GCC_DYNAMIC_NO_PIC = NO;
				GCC_OPTIMIZATION_LEVEL = 0;
				GCC_PREPROCESSOR_DEFINITIONS = (
					"DEBUG=1",
					"$(inherited)",
				);
				GCC_SYMBOLS_PRIVATE_EXTERN = NO;
				GCC_THUMB_SUPPORT = NO;
				GCC_VERSION = com.apple.compilers.llvm.clang.1_0;
				GCC_WARN_ABOUT_RETURN_TYPE = YES;
				GCC_WARN_UNINITIALIZED_AUTOS = YES;
				GCC_WARN_UNUSED_VARIABLE = YES;
				IPHONEOS_DEPLOYMENT_TARGET = 5.1;
				PUBLIC_HEADERS_FOLDER_PATH = Headers;
				SDKROOT = iphoneos;
				STRIP_STYLE = "non-global";
			};
			name = Debug;
		};
		06339BEC153584FE00FB07ED /* Release */ = {
			isa = XCBuildConfiguration;
			buildSettings = {
				ALWAYS_SEARCH_USER_PATHS = NO;
				ARCHS = (
					armv6,
					armv7,
				);
				CLANG_ENABLE_OBJC_ARC = YES;
				COPY_PHASE_STRIP = NO;
				DEAD_CODE_STRIPPING = NO;
				GCC_C_LANGUAGE_STANDARD = gnu99;
				GCC_THUMB_SUPPORT = NO;
				GCC_VERSION = com.apple.compilers.llvm.clang.1_0;
				GCC_WARN_ABOUT_RETURN_TYPE = YES;
				GCC_WARN_UNINITIALIZED_AUTOS = YES;
				GCC_WARN_UNUSED_VARIABLE = YES;
				IPHONEOS_DEPLOYMENT_TARGET = 5.1;
				PUBLIC_HEADERS_FOLDER_PATH = Headers;
				SDKROOT = iphoneos;
				STRIP_STYLE = "non-global";
				VALIDATE_PRODUCT = YES;
			};
			name = Release;
		};
		06339BEE153584FE00FB07ED /* Debug */ = {
			isa = XCBuildConfiguration;
			buildSettings = {
				DSTROOT = /tmp/MUKScrolling.dst;
				GCC_PRECOMPILE_PREFIX_HEADER = YES;
				GCC_PREFIX_HEADER = "MUKScrolling/MUKScrolling-Prefix.pch";
				GCC_THUMB_SUPPORT = NO;
				HEADER_SEARCH_PATHS = "${BUILT_PRODUCTS_DIR}/MUK/DependenciesHeaders";
				OTHER_LDFLAGS = "-ObjC";
				PRODUCT_NAME = "$(TARGET_NAME)";
				SKIP_INSTALL = YES;
			};
			name = Debug;
		};
		06339BEF153584FE00FB07ED /* Release */ = {
			isa = XCBuildConfiguration;
			buildSettings = {
				DSTROOT = /tmp/MUKScrolling.dst;
				GCC_PRECOMPILE_PREFIX_HEADER = YES;
				GCC_PREFIX_HEADER = "MUKScrolling/MUKScrolling-Prefix.pch";
				GCC_THUMB_SUPPORT = NO;
				HEADER_SEARCH_PATHS = "${BUILT_PRODUCTS_DIR}/MUK/DependenciesHeaders";
				OTHER_LDFLAGS = "-ObjC";
				PRODUCT_NAME = "$(TARGET_NAME)";
				SKIP_INSTALL = YES;
			};
			name = Release;
		};
		06339BF1153584FE00FB07ED /* Debug */ = {
			isa = XCBuildConfiguration;
			buildSettings = {
				FRAMEWORK_SEARCH_PATHS = (
					"$(SDKROOT)/Developer/Library/Frameworks",
					"$(DEVELOPER_LIBRARY_DIR)/Frameworks",
				);
				GCC_PRECOMPILE_PREFIX_HEADER = YES;
				GCC_PREFIX_HEADER = "MUKScrolling/MUKScrolling-Prefix.pch";
				GCC_THUMB_SUPPORT = NO;
				INFOPLIST_FILE = "MUKScrolling/Unit Tests/MUKScrollingTests-Info.plist";
				OTHER_LDFLAGS = "-ObjC";
				PRODUCT_NAME = "$(TARGET_NAME)";
				WRAPPER_EXTENSION = octest;
			};
			name = Debug;
		};
		06339BF2153584FE00FB07ED /* Release */ = {
			isa = XCBuildConfiguration;
			buildSettings = {
				FRAMEWORK_SEARCH_PATHS = (
					"$(SDKROOT)/Developer/Library/Frameworks",
					"$(DEVELOPER_LIBRARY_DIR)/Frameworks",
				);
				GCC_PRECOMPILE_PREFIX_HEADER = YES;
				GCC_PREFIX_HEADER = "MUKScrolling/MUKScrolling-Prefix.pch";
				GCC_THUMB_SUPPORT = NO;
				INFOPLIST_FILE = "MUKScrolling/Unit Tests/MUKScrollingTests-Info.plist";
				OTHER_LDFLAGS = "-ObjC";
				PRODUCT_NAME = "$(TARGET_NAME)";
				WRAPPER_EXTENSION = octest;
			};
			name = Release;
		};
		06339C211535988A00FB07ED /* Debug */ = {
			isa = XCBuildConfiguration;
			buildSettings = {
				GCC_THUMB_SUPPORT = NO;
				PRODUCT_NAME = "$(TARGET_NAME)";
			};
			name = Debug;
		};
		06339C221535988A00FB07ED /* Release */ = {
			isa = XCBuildConfiguration;
			buildSettings = {
				GCC_THUMB_SUPPORT = NO;
				PRODUCT_NAME = "$(TARGET_NAME)";
			};
			name = Release;
		};
/* End XCBuildConfiguration section */

/* Begin XCConfigurationList section */
		06339BC3153584FD00FB07ED /* Build configuration list for PBXProject "MUKScrolling" */ = {
			isa = XCConfigurationList;
			buildConfigurations = (
				06339BEB153584FE00FB07ED /* Debug */,
				06339BEC153584FE00FB07ED /* Release */,
			);
			defaultConfigurationIsVisible = 0;
			defaultConfigurationName = Release;
		};
		06339BED153584FE00FB07ED /* Build configuration list for PBXNativeTarget "MUKScrolling" */ = {
			isa = XCConfigurationList;
			buildConfigurations = (
				06339BEE153584FE00FB07ED /* Debug */,
				06339BEF153584FE00FB07ED /* Release */,
			);
			defaultConfigurationIsVisible = 0;
			defaultConfigurationName = Release;
		};
		06339BF0153584FE00FB07ED /* Build configuration list for PBXNativeTarget "MUKScrollingTests" */ = {
			isa = XCConfigurationList;
			buildConfigurations = (
				06339BF1153584FE00FB07ED /* Debug */,
				06339BF2153584FE00FB07ED /* Release */,
			);
			defaultConfigurationIsVisible = 0;
			defaultConfigurationName = Release;
		};
		06339C201535988A00FB07ED /* Build configuration list for PBXAggregateTarget "MUKScrollingDocumentation" */ = {
			isa = XCConfigurationList;
			buildConfigurations = (
				06339C211535988A00FB07ED /* Debug */,
				06339C221535988A00FB07ED /* Release */,
			);
			defaultConfigurationIsVisible = 0;
			defaultConfigurationName = Release;
		};
/* End XCConfigurationList section */
	};
	rootObject = 06339BC0153584FD00FB07ED /* Project object */;
}
