// !$*UTF8*$!
{
	archiveVersion = 1;
	classes = {
	};
	objectVersion = 46;
	objects = {

/* Begin PBXBuildFile section */
		06339C421535F09200FB07ED /* UIKit.framework in Frameworks */ = {isa = PBXBuildFile; fileRef = 06339C411535F09200FB07ED /* UIKit.framework */; };
		06339C441535F09200FB07ED /* Foundation.framework in Frameworks */ = {isa = PBXBuildFile; fileRef = 06339C431535F09200FB07ED /* Foundation.framework */; };
		06339C461535F09200FB07ED /* CoreGraphics.framework in Frameworks */ = {isa = PBXBuildFile; fileRef = 06339C451535F09200FB07ED /* CoreGraphics.framework */; };
		06339C4C1535F09200FB07ED /* InfoPlist.strings in Resources */ = {isa = PBXBuildFile; fileRef = 06339C4A1535F09200FB07ED /* InfoPlist.strings */; };
		06339C4E1535F09200FB07ED /* main.m in Sources */ = {isa = PBXBuildFile; fileRef = 06339C4D1535F09200FB07ED /* main.m */; };
		06383F1B1543F38300423A3A /* ThumbnailsViewController.m in Sources */ = {isa = PBXBuildFile; fileRef = 06383F1A1543F38300423A3A /* ThumbnailsViewController.m */; };
		06383F1F1543F44700423A3A /* ThumbnailCellView.m in Sources */ = {isa = PBXBuildFile; fileRef = 06383F1E1543F44700423A3A /* ThumbnailCellView.m */; };
		065911E2161B2D41002E5D03 /* Default-568h@2x.png in Resources */ = {isa = PBXBuildFile; fileRef = 065911E1161B2D41002E5D03 /* Default-568h@2x.png */; };
		0665B4051547FC660001E1E1 /* CoversViewController.m in Sources */ = {isa = PBXBuildFile; fileRef = 0665B4031547FC660001E1E1 /* CoversViewController.m */; };
		0665B4061547FC660001E1E1 /* CoversViewController.xib in Resources */ = {isa = PBXBuildFile; fileRef = 0665B4041547FC660001E1E1 /* CoversViewController.xib */; };
		0665B42815480C820001E1E1 /* CoverView.m in Sources */ = {isa = PBXBuildFile; fileRef = 0665B42715480C820001E1E1 /* CoverView.m */; };
		066863CF15388A17005D4BC1 /* libMUKScrolling.a in Frameworks */ = {isa = PBXBuildFile; fileRef = 06339C681535F0BF00FB07ED /* libMUKScrolling.a */; };
		066863ED153969D9005D4BC1 /* AppDelegate.m in Sources */ = {isa = PBXBuildFile; fileRef = 066863E7153969D9005D4BC1 /* AppDelegate.m */; };
		066863F1153969FA005D4BC1 /* RootViewController.m in Sources */ = {isa = PBXBuildFile; fileRef = 066863F0153969FA005D4BC1 /* RootViewController.m */; };
		0668640415396CD1005D4BC1 /* GridViewController.m in Sources */ = {isa = PBXBuildFile; fileRef = 0668640315396CD1005D4BC1 /* GridViewController.m */; };
		0668640715396DA6005D4BC1 /* SquaresViewController.m in Sources */ = {isa = PBXBuildFile; fileRef = 0668640615396DA6005D4BC1 /* SquaresViewController.m */; };
		0668640915397583005D4BC1 /* SquaresViewController.xib in Resources */ = {isa = PBXBuildFile; fileRef = 0668640815397583005D4BC1 /* SquaresViewController.xib */; };
		068CA8C3153DCDD70090E065 /* PagesViewController.m in Sources */ = {isa = PBXBuildFile; fileRef = 068CA8C1153DCDD70090E065 /* PagesViewController.m */; };
		068CA8C4153DCDD70090E065 /* PagesViewController.xib in Resources */ = {isa = PBXBuildFile; fileRef = 068CA8C2153DCDD70090E065 /* PagesViewController.xib */; };
		06BCEFF6153EC23E0065D11C /* ImagesViewController.m in Sources */ = {isa = PBXBuildFile; fileRef = 06BCEFF5153EC23E0065D11C /* ImagesViewController.m */; };
		06BCEFFD153EC49E0065D11C /* autumn.jpg in Resources */ = {isa = PBXBuildFile; fileRef = 06BCEFF8153EC49E0065D11C /* autumn.jpg */; };
		06BCEFFE153EC49E0065D11C /* building.jpg in Resources */ = {isa = PBXBuildFile; fileRef = 06BCEFF9153EC49E0065D11C /* building.jpg */; };
		06BCEFFF153EC49E0065D11C /* cat.jpg in Resources */ = {isa = PBXBuildFile; fileRef = 06BCEFFA153EC49E0065D11C /* cat.jpg */; };
		06BCF000153EC49E0065D11C /* colors.jpg in Resources */ = {isa = PBXBuildFile; fileRef = 06BCEFFB153EC49E0065D11C /* colors.jpg */; };
		06BCF001153EC49E0065D11C /* garden.jpg in Resources */ = {isa = PBXBuildFile; fileRef = 06BCEFFC153EC49E0065D11C /* garden.jpg */; };
		06BCF006153EC5640065D11C /* LabelCellView.m in Sources */ = {isa = PBXBuildFile; fileRef = 06BCF005153EC5640065D11C /* LabelCellView.m */; };
		06BCF009153EC57A0065D11C /* ImageCellView.m in Sources */ = {isa = PBXBuildFile; fileRef = 06BCF008153EC57A0065D11C /* ImageCellView.m */; };
		06D7B9581566894C006F1E42 /* libMUKToolkit.a in Frameworks */ = {isa = PBXBuildFile; fileRef = 06D7B95315668936006F1E42 /* libMUKToolkit.a */; };
		06D7B95A15668953006F1E42 /* Security.framework in Frameworks */ = {isa = PBXBuildFile; fileRef = 06D7B95915668953006F1E42 /* Security.framework */; };
/* End PBXBuildFile section */

/* Begin PBXContainerItemProxy section */
		06339C671535F0BF00FB07ED /* PBXContainerItemProxy */ = {
			isa = PBXContainerItemProxy;
			containerPortal = 06339C5E1535F0BE00FB07ED /* MUKScrolling.xcodeproj */;
			proxyType = 2;
			remoteGlobalIDString = 06339BC9153584FD00FB07ED;
			remoteInfo = MUKScrolling;
		};
		06339C691535F0BF00FB07ED /* PBXContainerItemProxy */ = {
			isa = PBXContainerItemProxy;
			containerPortal = 06339C5E1535F0BE00FB07ED /* MUKScrolling.xcodeproj */;
			proxyType = 2;
			remoteGlobalIDString = 06339BD9153584FD00FB07ED;
			remoteInfo = MUKScrollingTests;
		};
		066863CD15388A12005D4BC1 /* PBXContainerItemProxy */ = {
			isa = PBXContainerItemProxy;
			containerPortal = 06339C5E1535F0BE00FB07ED /* MUKScrolling.xcodeproj */;
			proxyType = 1;
			remoteGlobalIDString = 06339BC8153584FD00FB07ED;
			remoteInfo = MUKScrolling;
		};
		06D7B95215668936006F1E42 /* PBXContainerItemProxy */ = {
			isa = PBXContainerItemProxy;
			containerPortal = 06D7B94C15668936006F1E42 /* MUKToolkit.xcodeproj */;
			proxyType = 2;
			remoteGlobalIDString = 065793871523337F00D6762A;
			remoteInfo = MUKToolkit;
		};
		06D7B95415668936006F1E42 /* PBXContainerItemProxy */ = {
			isa = PBXContainerItemProxy;
			containerPortal = 06D7B94C15668936006F1E42 /* MUKToolkit.xcodeproj */;
			proxyType = 2;
			remoteGlobalIDString = 065793971523337F00D6762A;
			remoteInfo = MUKToolkitTests;
		};
		06D7B95615668948006F1E42 /* PBXContainerItemProxy */ = {
			isa = PBXContainerItemProxy;
			containerPortal = 06D7B94C15668936006F1E42 /* MUKToolkit.xcodeproj */;
			proxyType = 1;
			remoteGlobalIDString = 065793861523337F00D6762A;
			remoteInfo = MUKToolkit;
		};
/* End PBXContainerItemProxy section */

/* Begin PBXFileReference section */
		06339C3D1535F09200FB07ED /* MUKScrollingExample.app */ = {isa = PBXFileReference; explicitFileType = wrapper.application; includeInIndex = 0; path = MUKScrollingExample.app; sourceTree = BUILT_PRODUCTS_DIR; };
		06339C411535F09200FB07ED /* UIKit.framework */ = {isa = PBXFileReference; lastKnownFileType = wrapper.framework; name = UIKit.framework; path = System/Library/Frameworks/UIKit.framework; sourceTree = SDKROOT; };
		06339C431535F09200FB07ED /* Foundation.framework */ = {isa = PBXFileReference; lastKnownFileType = wrapper.framework; name = Foundation.framework; path = System/Library/Frameworks/Foundation.framework; sourceTree = SDKROOT; };
		06339C451535F09200FB07ED /* CoreGraphics.framework */ = {isa = PBXFileReference; lastKnownFileType = wrapper.framework; name = CoreGraphics.framework; path = System/Library/Frameworks/CoreGraphics.framework; sourceTree = SDKROOT; };
		06339C491535F09200FB07ED /* MUKScrollingExample-Info.plist */ = {isa = PBXFileReference; lastKnownFileType = text.plist.xml; path = "MUKScrollingExample-Info.plist"; sourceTree = "<group>"; };
		06339C4B1535F09200FB07ED /* en */ = {isa = PBXFileReference; lastKnownFileType = text.plist.strings; name = en; path = en.lproj/InfoPlist.strings; sourceTree = "<group>"; };
		06339C4D1535F09200FB07ED /* main.m */ = {isa = PBXFileReference; lastKnownFileType = sourcecode.c.objc; path = main.m; sourceTree = "<group>"; };
		06339C4F1535F09200FB07ED /* MUKScrollingExample-Prefix.pch */ = {isa = PBXFileReference; lastKnownFileType = sourcecode.c.h; path = "MUKScrollingExample-Prefix.pch"; sourceTree = "<group>"; };
		06339C5E1535F0BE00FB07ED /* MUKScrolling.xcodeproj */ = {isa = PBXFileReference; lastKnownFileType = "wrapper.pb-project"; name = MUKScrolling.xcodeproj; path = ../../MUKScrolling.xcodeproj; sourceTree = "<group>"; };
		06383F191543F38300423A3A /* ThumbnailsViewController.h */ = {isa = PBXFileReference; fileEncoding = 4; lastKnownFileType = sourcecode.c.h; path = ThumbnailsViewController.h; sourceTree = "<group>"; };
		06383F1A1543F38300423A3A /* ThumbnailsViewController.m */ = {isa = PBXFileReference; fileEncoding = 4; lastKnownFileType = sourcecode.c.objc; path = ThumbnailsViewController.m; sourceTree = "<group>"; };
		06383F1D1543F44700423A3A /* ThumbnailCellView.h */ = {isa = PBXFileReference; fileEncoding = 4; lastKnownFileType = sourcecode.c.h; path = ThumbnailCellView.h; sourceTree = "<group>"; };
		06383F1E1543F44700423A3A /* ThumbnailCellView.m */ = {isa = PBXFileReference; fileEncoding = 4; lastKnownFileType = sourcecode.c.objc; path = ThumbnailCellView.m; sourceTree = "<group>"; };
		065911E1161B2D41002E5D03 /* Default-568h@2x.png */ = {isa = PBXFileReference; lastKnownFileType = image.png; name = "Default-568h@2x.png"; path = "../Default-568h@2x.png"; sourceTree = "<group>"; };
		0665B4021547FC660001E1E1 /* CoversViewController.h */ = {isa = PBXFileReference; fileEncoding = 4; lastKnownFileType = sourcecode.c.h; path = CoversViewController.h; sourceTree = "<group>"; };
		0665B4031547FC660001E1E1 /* CoversViewController.m */ = {isa = PBXFileReference; fileEncoding = 4; lastKnownFileType = sourcecode.c.objc; path = CoversViewController.m; sourceTree = "<group>"; };
		0665B4041547FC660001E1E1 /* CoversViewController.xib */ = {isa = PBXFileReference; fileEncoding = 4; lastKnownFileType = file.xib; path = CoversViewController.xib; sourceTree = "<group>"; };
		0665B42615480C820001E1E1 /* CoverView.h */ = {isa = PBXFileReference; fileEncoding = 4; lastKnownFileType = sourcecode.c.h; path = CoverView.h; sourceTree = "<group>"; };
		0665B42715480C820001E1E1 /* CoverView.m */ = {isa = PBXFileReference; fileEncoding = 4; lastKnownFileType = sourcecode.c.objc; path = CoverView.m; sourceTree = "<group>"; };
		066863E6153969D9005D4BC1 /* AppDelegate.h */ = {isa = PBXFileReference; fileEncoding = 4; lastKnownFileType = sourcecode.c.h; path = AppDelegate.h; sourceTree = "<group>"; };
		066863E7153969D9005D4BC1 /* AppDelegate.m */ = {isa = PBXFileReference; fileEncoding = 4; lastKnownFileType = sourcecode.c.objc; path = AppDelegate.m; sourceTree = "<group>"; };
		066863EF153969FA005D4BC1 /* RootViewController.h */ = {isa = PBXFileReference; fileEncoding = 4; lastKnownFileType = sourcecode.c.h; path = RootViewController.h; sourceTree = "<group>"; };
		066863F0153969FA005D4BC1 /* RootViewController.m */ = {isa = PBXFileReference; fileEncoding = 4; lastKnownFileType = sourcecode.c.objc; path = RootViewController.m; sourceTree = "<group>"; };
		0668640215396CD1005D4BC1 /* GridViewController.h */ = {isa = PBXFileReference; fileEncoding = 4; lastKnownFileType = sourcecode.c.h; path = GridViewController.h; sourceTree = "<group>"; };
		0668640315396CD1005D4BC1 /* GridViewController.m */ = {isa = PBXFileReference; fileEncoding = 4; lastKnownFileType = sourcecode.c.objc; path = GridViewController.m; sourceTree = "<group>"; };
		0668640515396DA6005D4BC1 /* SquaresViewController.h */ = {isa = PBXFileReference; fileEncoding = 4; lastKnownFileType = sourcecode.c.h; path = SquaresViewController.h; sourceTree = "<group>"; };
		0668640615396DA6005D4BC1 /* SquaresViewController.m */ = {isa = PBXFileReference; fileEncoding = 4; lastKnownFileType = sourcecode.c.objc; path = SquaresViewController.m; sourceTree = "<group>"; };
		0668640815397583005D4BC1 /* SquaresViewController.xib */ = {isa = PBXFileReference; fileEncoding = 4; lastKnownFileType = file.xib; path = SquaresViewController.xib; sourceTree = "<group>"; };
		068CA8C0153DCDD70090E065 /* PagesViewController.h */ = {isa = PBXFileReference; fileEncoding = 4; lastKnownFileType = sourcecode.c.h; path = PagesViewController.h; sourceTree = "<group>"; };
		068CA8C1153DCDD70090E065 /* PagesViewController.m */ = {isa = PBXFileReference; fileEncoding = 4; lastKnownFileType = sourcecode.c.objc; path = PagesViewController.m; sourceTree = "<group>"; };
		068CA8C2153DCDD70090E065 /* PagesViewController.xib */ = {isa = PBXFileReference; fileEncoding = 4; lastKnownFileType = file.xib; path = PagesViewController.xib; sourceTree = "<group>"; };
		06BCEFF4153EC23E0065D11C /* ImagesViewController.h */ = {isa = PBXFileReference; fileEncoding = 4; lastKnownFileType = sourcecode.c.h; path = ImagesViewController.h; sourceTree = "<group>"; };
		06BCEFF5153EC23E0065D11C /* ImagesViewController.m */ = {isa = PBXFileReference; fileEncoding = 4; lastKnownFileType = sourcecode.c.objc; path = ImagesViewController.m; sourceTree = "<group>"; };
		06BCEFF8153EC49E0065D11C /* autumn.jpg */ = {isa = PBXFileReference; lastKnownFileType = image.jpeg; path = autumn.jpg; sourceTree = "<group>"; };
		06BCEFF9153EC49E0065D11C /* building.jpg */ = {isa = PBXFileReference; lastKnownFileType = image.jpeg; path = building.jpg; sourceTree = "<group>"; };
		06BCEFFA153EC49E0065D11C /* cat.jpg */ = {isa = PBXFileReference; lastKnownFileType = image.jpeg; path = cat.jpg; sourceTree = "<group>"; };
		06BCEFFB153EC49E0065D11C /* colors.jpg */ = {isa = PBXFileReference; lastKnownFileType = image.jpeg; path = colors.jpg; sourceTree = "<group>"; };
		06BCEFFC153EC49E0065D11C /* garden.jpg */ = {isa = PBXFileReference; lastKnownFileType = image.jpeg; path = garden.jpg; sourceTree = "<group>"; };
		06BCF004153EC5640065D11C /* LabelCellView.h */ = {isa = PBXFileReference; fileEncoding = 4; lastKnownFileType = sourcecode.c.h; path = LabelCellView.h; sourceTree = "<group>"; };
		06BCF005153EC5640065D11C /* LabelCellView.m */ = {isa = PBXFileReference; fileEncoding = 4; lastKnownFileType = sourcecode.c.objc; path = LabelCellView.m; sourceTree = "<group>"; };
		06BCF007153EC57A0065D11C /* ImageCellView.h */ = {isa = PBXFileReference; fileEncoding = 4; lastKnownFileType = sourcecode.c.h; path = ImageCellView.h; sourceTree = "<group>"; };
		06BCF008153EC57A0065D11C /* ImageCellView.m */ = {isa = PBXFileReference; fileEncoding = 4; lastKnownFileType = sourcecode.c.objc; path = ImageCellView.m; sourceTree = "<group>"; };
		06D7B94C15668936006F1E42 /* MUKToolkit.xcodeproj */ = {isa = PBXFileReference; lastKnownFileType = "wrapper.pb-project"; name = MUKToolkit.xcodeproj; path = ../../Submodules/MUKToolkit/MUKToolkit.xcodeproj; sourceTree = "<group>"; };
		06D7B95915668953006F1E42 /* Security.framework */ = {isa = PBXFileReference; lastKnownFileType = wrapper.framework; name = Security.framework; path = System/Library/Frameworks/Security.framework; sourceTree = SDKROOT; };
/* End PBXFileReference section */

/* Begin PBXFrameworksBuildPhase section */
		06339C3A1535F09200FB07ED /* Frameworks */ = {
			isa = PBXFrameworksBuildPhase;
			buildActionMask = 2147483647;
			files = (
				06D7B95A15668953006F1E42 /* Security.framework in Frameworks */,
				06D7B9581566894C006F1E42 /* libMUKToolkit.a in Frameworks */,
				066863CF15388A17005D4BC1 /* libMUKScrolling.a in Frameworks */,
				06339C421535F09200FB07ED /* UIKit.framework in Frameworks */,
				06339C441535F09200FB07ED /* Foundation.framework in Frameworks */,
				06339C461535F09200FB07ED /* CoreGraphics.framework in Frameworks */,
			);
			runOnlyForDeploymentPostprocessing = 0;
		};
/* End PBXFrameworksBuildPhase section */

/* Begin PBXGroup section */
		06339C321535F09200FB07ED = {
			isa = PBXGroup;
			children = (
				06339C471535F09200FB07ED /* MUKScrollingExample */,
				06339C401535F09200FB07ED /* Frameworks */,
				06339C3E1535F09200FB07ED /* Products */,
			);
			sourceTree = "<group>";
		};
		06339C3E1535F09200FB07ED /* Products */ = {
			isa = PBXGroup;
			children = (
				06339C3D1535F09200FB07ED /* MUKScrollingExample.app */,
			);
			name = Products;
			sourceTree = "<group>";
		};
		06339C401535F09200FB07ED /* Frameworks */ = {
			isa = PBXGroup;
			children = (
				06D7B95915668953006F1E42 /* Security.framework */,
				06D7B94C15668936006F1E42 /* MUKToolkit.xcodeproj */,
				06339C5E1535F0BE00FB07ED /* MUKScrolling.xcodeproj */,
				06339C411535F09200FB07ED /* UIKit.framework */,
				06339C431535F09200FB07ED /* Foundation.framework */,
				06339C451535F09200FB07ED /* CoreGraphics.framework */,
			);
			name = Frameworks;
			sourceTree = "<group>";
		};
		06339C471535F09200FB07ED /* MUKScrollingExample */ = {
			isa = PBXGroup;
			children = (
				066863E4153969D9005D4BC1 /* Classes */,
				06339C481535F09200FB07ED /* Supporting Files */,
			);
			path = MUKScrollingExample;
			sourceTree = "<group>";
		};
		06339C481535F09200FB07ED /* Supporting Files */ = {
			isa = PBXGroup;
			children = (
				065911E1161B2D41002E5D03 /* Default-568h@2x.png */,
				06339C491535F09200FB07ED /* MUKScrollingExample-Info.plist */,
				06339C4A1535F09200FB07ED /* InfoPlist.strings */,
				06339C4D1535F09200FB07ED /* main.m */,
				06339C4F1535F09200FB07ED /* MUKScrollingExample-Prefix.pch */,
			);
			name = "Supporting Files";
			sourceTree = "<group>";
		};
		06339C5F1535F0BE00FB07ED /* Products */ = {
			isa = PBXGroup;
			children = (
				06339C681535F0BF00FB07ED /* libMUKScrolling.a */,
				06339C6A1535F0BF00FB07ED /* MUKScrollingTests.octest */,
			);
			name = Products;
			sourceTree = "<group>";
		};
		06383F181543F36700423A3A /* Thumbnails */ = {
			isa = PBXGroup;
			children = (
				06383F191543F38300423A3A /* ThumbnailsViewController.h */,
				06383F1A1543F38300423A3A /* ThumbnailsViewController.m */,
			);
			path = Thumbnails;
			sourceTree = "<group>";
		};
		06383F1C1543F43600423A3A /* Thumbnail */ = {
			isa = PBXGroup;
			children = (
				06383F1D1543F44700423A3A /* ThumbnailCellView.h */,
				06383F1E1543F44700423A3A /* ThumbnailCellView.m */,
			);
			path = Thumbnail;
			sourceTree = "<group>";
		};
		0665B4011547FC4C0001E1E1 /* Covers */ = {
			isa = PBXGroup;
			children = (
				0665B4021547FC660001E1E1 /* CoversViewController.h */,
				0665B4031547FC660001E1E1 /* CoversViewController.m */,
				0665B4041547FC660001E1E1 /* CoversViewController.xib */,
			);
			path = Covers;
			sourceTree = "<group>";
		};
		0665B42515480C700001E1E1 /* Cover */ = {
			isa = PBXGroup;
			children = (
				0665B42615480C820001E1E1 /* CoverView.h */,
				0665B42715480C820001E1E1 /* CoverView.m */,
			);
			path = Cover;
			sourceTree = "<group>";
		};
		066863E4153969D9005D4BC1 /* Classes */ = {
			isa = PBXGroup;
			children = (
				066863E5153969D9005D4BC1 /* App Delegate */,
				066863E8153969D9005D4BC1 /* Controllers */,
				066863EA153969D9005D4BC1 /* Views */,
			);
			path = Classes;
			sourceTree = "<group>";
		};
		066863E5153969D9005D4BC1 /* App Delegate */ = {
			isa = PBXGroup;
			children = (
				066863E6153969D9005D4BC1 /* AppDelegate.h */,
				066863E7153969D9005D4BC1 /* AppDelegate.m */,
			);
			path = "App Delegate";
			sourceTree = "<group>";
		};
		066863E8153969D9005D4BC1 /* Controllers */ = {
			isa = PBXGroup;
			children = (
				066863E9153969D9005D4BC1 /* Root */,
				0668640015396CB9005D4BC1 /* Base Grid */,
				0665B4011547FC4C0001E1E1 /* Covers */,
				06BCEFF3153EC2160065D11C /* Images */,
				068CA8BF153DCDC10090E065 /* Pages */,
				0668640115396CB9005D4BC1 /* Squares */,
				06383F181543F36700423A3A /* Thumbnails */,
			);
			path = Controllers;
			sourceTree = "<group>";
		};
		066863E9153969D9005D4BC1 /* Root */ = {
			isa = PBXGroup;
			children = (
				066863EF153969FA005D4BC1 /* RootViewController.h */,
				066863F0153969FA005D4BC1 /* RootViewController.m */,
			);
			path = Root;
			sourceTree = "<group>";
		};
		066863EA153969D9005D4BC1 /* Views */ = {
			isa = PBXGroup;
			children = (
				0665B42515480C700001E1E1 /* Cover */,
				06383F1C1543F43600423A3A /* Thumbnail */,
				06BCF002153EC5640065D11C /* Image */,
				06BCF003153EC5640065D11C /* Label */,
			);
			path = Views;
			sourceTree = "<group>";
		};
		0668640015396CB9005D4BC1 /* Base Grid */ = {
			isa = PBXGroup;
			children = (
				0668640215396CD1005D4BC1 /* GridViewController.h */,
				0668640315396CD1005D4BC1 /* GridViewController.m */,
			);
			path = "Base Grid";
			sourceTree = "<group>";
		};
		0668640115396CB9005D4BC1 /* Squares */ = {
			isa = PBXGroup;
			children = (
				0668640515396DA6005D4BC1 /* SquaresViewController.h */,
				0668640615396DA6005D4BC1 /* SquaresViewController.m */,
				0668640815397583005D4BC1 /* SquaresViewController.xib */,
			);
			path = Squares;
			sourceTree = "<group>";
		};
		068CA8BF153DCDC10090E065 /* Pages */ = {
			isa = PBXGroup;
			children = (
				068CA8C0153DCDD70090E065 /* PagesViewController.h */,
				068CA8C1153DCDD70090E065 /* PagesViewController.m */,
				068CA8C2153DCDD70090E065 /* PagesViewController.xib */,
			);
			path = Pages;
			sourceTree = "<group>";
		};
		06BCEFF3153EC2160065D11C /* Images */ = {
			isa = PBXGroup;
			children = (
				06BCEFF7153EC49E0065D11C /* Images */,
				06BCEFF4153EC23E0065D11C /* ImagesViewController.h */,
				06BCEFF5153EC23E0065D11C /* ImagesViewController.m */,
			);
			path = Images;
			sourceTree = "<group>";
		};
		06BCEFF7153EC49E0065D11C /* Images */ = {
			isa = PBXGroup;
			children = (
				06BCEFF8153EC49E0065D11C /* autumn.jpg */,
				06BCEFF9153EC49E0065D11C /* building.jpg */,
				06BCEFFA153EC49E0065D11C /* cat.jpg */,
				06BCEFFB153EC49E0065D11C /* colors.jpg */,
				06BCEFFC153EC49E0065D11C /* garden.jpg */,
			);
			path = Images;
			sourceTree = "<group>";
		};
		06BCF002153EC5640065D11C /* Image */ = {
			isa = PBXGroup;
			children = (
				06BCF007153EC57A0065D11C /* ImageCellView.h */,
				06BCF008153EC57A0065D11C /* ImageCellView.m */,
			);
			path = Image;
			sourceTree = "<group>";
		};
		06BCF003153EC5640065D11C /* Label */ = {
			isa = PBXGroup;
			children = (
				06BCF004153EC5640065D11C /* LabelCellView.h */,
				06BCF005153EC5640065D11C /* LabelCellView.m */,
			);
			path = Label;
			sourceTree = "<group>";
		};
		06D7B94D15668936006F1E42 /* Products */ = {
			isa = PBXGroup;
			children = (
				06D7B95315668936006F1E42 /* libMUKToolkit.a */,
				06D7B95515668936006F1E42 /* MUKToolkitTests.octest */,
			);
			name = Products;
			sourceTree = "<group>";
		};
/* End PBXGroup section */

/* Begin PBXNativeTarget section */
		06339C3C1535F09200FB07ED /* MUKScrollingExample */ = {
			isa = PBXNativeTarget;
			buildConfigurationList = 06339C5B1535F09300FB07ED /* Build configuration list for PBXNativeTarget "MUKScrollingExample" */;
			buildPhases = (
				06339C391535F09200FB07ED /* Sources */,
				06339C3A1535F09200FB07ED /* Frameworks */,
				06339C3B1535F09200FB07ED /* Resources */,
			);
			buildRules = (
			);
			dependencies = (
				06D7B95715668948006F1E42 /* PBXTargetDependency */,
				066863CE15388A12005D4BC1 /* PBXTargetDependency */,
			);
			name = MUKScrollingExample;
			productName = MUKScrollingExample;
			productReference = 06339C3D1535F09200FB07ED /* MUKScrollingExample.app */;
			productType = "com.apple.product-type.application";
		};
/* End PBXNativeTarget section */

/* Begin PBXProject section */
		06339C341535F09200FB07ED /* Project object */ = {
			isa = PBXProject;
			attributes = {
				LastUpgradeCheck = 0430;
			};
			buildConfigurationList = 06339C371535F09200FB07ED /* Build configuration list for PBXProject "MUKScrollingExample" */;
			compatibilityVersion = "Xcode 3.2";
			developmentRegion = English;
			hasScannedForEncodings = 0;
			knownRegions = (
				en,
			);
			mainGroup = 06339C321535F09200FB07ED;
			productRefGroup = 06339C3E1535F09200FB07ED /* Products */;
			projectDirPath = "";
			projectReferences = (
				{
					ProductGroup = 06339C5F1535F0BE00FB07ED /* Products */;
					ProjectRef = 06339C5E1535F0BE00FB07ED /* MUKScrolling.xcodeproj */;
				},
				{
					ProductGroup = 06D7B94D15668936006F1E42 /* Products */;
					ProjectRef = 06D7B94C15668936006F1E42 /* MUKToolkit.xcodeproj */;
				},
			);
			projectRoot = "";
			targets = (
				06339C3C1535F09200FB07ED /* MUKScrollingExample */,
			);
		};
/* End PBXProject section */

/* Begin PBXReferenceProxy section */
		06339C681535F0BF00FB07ED /* libMUKScrolling.a */ = {
			isa = PBXReferenceProxy;
			fileType = archive.ar;
			path = libMUKScrolling.a;
			remoteRef = 06339C671535F0BF00FB07ED /* PBXContainerItemProxy */;
			sourceTree = BUILT_PRODUCTS_DIR;
		};
		06339C6A1535F0BF00FB07ED /* MUKScrollingTests.octest */ = {
			isa = PBXReferenceProxy;
			fileType = wrapper.cfbundle;
			path = MUKScrollingTests.octest;
			remoteRef = 06339C691535F0BF00FB07ED /* PBXContainerItemProxy */;
			sourceTree = BUILT_PRODUCTS_DIR;
		};
		06D7B95315668936006F1E42 /* libMUKToolkit.a */ = {
			isa = PBXReferenceProxy;
			fileType = archive.ar;
			path = libMUKToolkit.a;
			remoteRef = 06D7B95215668936006F1E42 /* PBXContainerItemProxy */;
			sourceTree = BUILT_PRODUCTS_DIR;
		};
		06D7B95515668936006F1E42 /* MUKToolkitTests.octest */ = {
			isa = PBXReferenceProxy;
			fileType = wrapper.cfbundle;
			path = MUKToolkitTests.octest;
			remoteRef = 06D7B95415668936006F1E42 /* PBXContainerItemProxy */;
			sourceTree = BUILT_PRODUCTS_DIR;
		};
/* End PBXReferenceProxy section */

/* Begin PBXResourcesBuildPhase section */
		06339C3B1535F09200FB07ED /* Resources */ = {
			isa = PBXResourcesBuildPhase;
			buildActionMask = 2147483647;
			files = (
				06339C4C1535F09200FB07ED /* InfoPlist.strings in Resources */,
				0668640915397583005D4BC1 /* SquaresViewController.xib in Resources */,
				068CA8C4153DCDD70090E065 /* PagesViewController.xib in Resources */,
				06BCEFFD153EC49E0065D11C /* autumn.jpg in Resources */,
				06BCEFFE153EC49E0065D11C /* building.jpg in Resources */,
				06BCEFFF153EC49E0065D11C /* cat.jpg in Resources */,
				06BCF000153EC49E0065D11C /* colors.jpg in Resources */,
				06BCF001153EC49E0065D11C /* garden.jpg in Resources */,
				0665B4061547FC660001E1E1 /* CoversViewController.xib in Resources */,
				065911E2161B2D41002E5D03 /* Default-568h@2x.png in Resources */,
			);
			runOnlyForDeploymentPostprocessing = 0;
		};
/* End PBXResourcesBuildPhase section */

/* Begin PBXSourcesBuildPhase section */
		06339C391535F09200FB07ED /* Sources */ = {
			isa = PBXSourcesBuildPhase;
			buildActionMask = 2147483647;
			files = (
				06339C4E1535F09200FB07ED /* main.m in Sources */,
				066863ED153969D9005D4BC1 /* AppDelegate.m in Sources */,
				066863F1153969FA005D4BC1 /* RootViewController.m in Sources */,
				0668640415396CD1005D4BC1 /* GridViewController.m in Sources */,
				0668640715396DA6005D4BC1 /* SquaresViewController.m in Sources */,
				068CA8C3153DCDD70090E065 /* PagesViewController.m in Sources */,
				06BCEFF6153EC23E0065D11C /* ImagesViewController.m in Sources */,
				06BCF006153EC5640065D11C /* LabelCellView.m in Sources */,
				06BCF009153EC57A0065D11C /* ImageCellView.m in Sources */,
				06383F1B1543F38300423A3A /* ThumbnailsViewController.m in Sources */,
				06383F1F1543F44700423A3A /* ThumbnailCellView.m in Sources */,
				0665B4051547FC660001E1E1 /* CoversViewController.m in Sources */,
				0665B42815480C820001E1E1 /* CoverView.m in Sources */,
			);
			runOnlyForDeploymentPostprocessing = 0;
		};
/* End PBXSourcesBuildPhase section */

/* Begin PBXTargetDependency section */
		066863CE15388A12005D4BC1 /* PBXTargetDependency */ = {
			isa = PBXTargetDependency;
			name = MUKScrolling;
			targetProxy = 066863CD15388A12005D4BC1 /* PBXContainerItemProxy */;
		};
		06D7B95715668948006F1E42 /* PBXTargetDependency */ = {
			isa = PBXTargetDependency;
			name = MUKToolkit;
			targetProxy = 06D7B95615668948006F1E42 /* PBXContainerItemProxy */;
		};
/* End PBXTargetDependency section */

/* Begin PBXVariantGroup section */
		06339C4A1535F09200FB07ED /* InfoPlist.strings */ = {
			isa = PBXVariantGroup;
			children = (
				06339C4B1535F09200FB07ED /* en */,
			);
			name = InfoPlist.strings;
			sourceTree = "<group>";
		};
/* End PBXVariantGroup section */

/* Begin XCBuildConfiguration section */
		06339C591535F09300FB07ED /* Debug */ = {
			isa = XCBuildConfiguration;
			buildSettings = {
				ALWAYS_SEARCH_USER_PATHS = NO;
				CLANG_ENABLE_OBJC_ARC = YES;
				CODE_SIGN_IDENTITY = "iPhone Developer: Marco Muccinelli (M35YVMF4FT)";
				COPY_PHASE_STRIP = NO;
				GCC_C_LANGUAGE_STANDARD = gnu99;
				GCC_DYNAMIC_NO_PIC = NO;
				GCC_OPTIMIZATION_LEVEL = 0;
				GCC_PREPROCESSOR_DEFINITIONS = (
					"DEBUG=1",
					"$(inherited)",
				);
				GCC_SYMBOLS_PRIVATE_EXTERN = NO;
				GCC_WARN_ABOUT_RETURN_TYPE = YES;
				GCC_WARN_UNINITIALIZED_AUTOS = YES;
				GCC_WARN_UNUSED_VARIABLE = YES;
				IPHONEOS_DEPLOYMENT_TARGET = 5.0;
				OTHER_LDFLAGS = "-ObjC";
				PROVISIONING_PROFILE = "0B358AD7-A169-452B-8E89-BED293479E28";
				SDKROOT = iphoneos;
			};
			name = Debug;
		};
		06339C5A1535F09300FB07ED /* Release */ = {
			isa = XCBuildConfiguration;
			buildSettings = {
				ALWAYS_SEARCH_USER_PATHS = NO;
				CLANG_ENABLE_OBJC_ARC = YES;
				COPY_PHASE_STRIP = YES;
				GCC_C_LANGUAGE_STANDARD = gnu99;
				GCC_WARN_ABOUT_RETURN_TYPE = YES;
				GCC_WARN_UNINITIALIZED_AUTOS = YES;
				GCC_WARN_UNUSED_VARIABLE = YES;
				IPHONEOS_DEPLOYMENT_TARGET = 5.0;
				OTHER_CFLAGS = "-DNS_BLOCK_ASSERTIONS=1";
				OTHER_LDFLAGS = "-ObjC";
				SDKROOT = iphoneos;
				VALIDATE_PRODUCT = YES;
			};
			name = Release;
		};
		06339C5C1535F09300FB07ED /* Debug */ = {
			isa = XCBuildConfiguration;
			buildSettings = {
				GCC_PRECOMPILE_PREFIX_HEADER = YES;
				GCC_PREFIX_HEADER = "MUKScrollingExample/MUKScrollingExample-Prefix.pch";
				INFOPLIST_FILE = "MUKScrollingExample/MUKScrollingExample-Info.plist";
				PRODUCT_NAME = "$(TARGET_NAME)";
				WRAPPER_EXTENSION = app;
			};
			name = Debug;
		};
		06339C5D1535F09300FB07ED /* Release */ = {
			isa = XCBuildConfiguration;
			buildSettings = {
				GCC_PRECOMPILE_PREFIX_HEADER = YES;
				GCC_PREFIX_HEADER = "MUKScrollingExample/MUKScrollingExample-Prefix.pch";
				INFOPLIST_FILE = "MUKScrollingExample/MUKScrollingExample-Info.plist";
				PRODUCT_NAME = "$(TARGET_NAME)";
				WRAPPER_EXTENSION = app;
			};
			name = Release;
		};
/* End XCBuildConfiguration section */

/* Begin XCConfigurationList section */
		06339C371535F09200FB07ED /* Build configuration list for PBXProject "MUKScrollingExample" */ = {
			isa = XCConfigurationList;
			buildConfigurations = (
				06339C591535F09300FB07ED /* Debug */,
				06339C5A1535F09300FB07ED /* Release */,
			);
			defaultConfigurationIsVisible = 0;
			defaultConfigurationName = Release;
		};
		06339C5B1535F09300FB07ED /* Build configuration list for PBXNativeTarget "MUKScrollingExample" */ = {
			isa = XCConfigurationList;
			buildConfigurations = (
				06339C5C1535F09300FB07ED /* Debug */,
				06339C5D1535F09300FB07ED /* Release */,
			);
			defaultConfigurationIsVisible = 0;
			defaultConfigurationName = Release;
		};
/* End XCConfigurationList section */
	};
	rootObject = 06339C341535F09200FB07ED /* Project object */;
}
